// !$*UTF8*$!
{
	archiveVersion = 1;
	classes = {
	};
	objectVersion = 55;
	objects = {

/* Begin PBXBuildFile section */
		0E33D28F285F752500D44E0F /* SnowSeekerApp.swift in Sources */ = {isa = PBXBuildFile; fileRef = 0E33D28E285F752500D44E0F /* SnowSeekerApp.swift */; };
		0E33D291285F752500D44E0F /* ContentView.swift in Sources */ = {isa = PBXBuildFile; fileRef = 0E33D290285F752500D44E0F /* ContentView.swift */; };
		0E33D293285F752600D44E0F /* Assets.xcassets in Resources */ = {isa = PBXBuildFile; fileRef = 0E33D292285F752600D44E0F /* Assets.xcassets */; };
		0E33D296285F752600D44E0F /* Preview Assets.xcassets in Resources */ = {isa = PBXBuildFile; fileRef = 0E33D295285F752600D44E0F /* Preview Assets.xcassets */; };
		0E33D2A0285F752600D44E0F /* SnowSeekerTests.swift in Sources */ = {isa = PBXBuildFile; fileRef = 0E33D29F285F752600D44E0F /* SnowSeekerTests.swift */; };
		0E33D2AA285F752600D44E0F /* SnowSeekerUITests.swift in Sources */ = {isa = PBXBuildFile; fileRef = 0E33D2A9285F752600D44E0F /* SnowSeekerUITests.swift */; };
		0E33D2AC285F752600D44E0F /* SnowSeekerUITestsLaunchTests.swift in Sources */ = {isa = PBXBuildFile; fileRef = 0E33D2AB285F752600D44E0F /* SnowSeekerUITestsLaunchTests.swift */; };
		0E33D2B9285F7B2C00D44E0F /* NavigationLayoutsView.swift in Sources */ = {isa = PBXBuildFile; fileRef = 0E33D2B8285F7B2C00D44E0F /* NavigationLayoutsView.swift */; };
		0E33D2BB285F7BA200D44E0F /* AlertsandSheetsView.swift in Sources */ = {isa = PBXBuildFile; fileRef = 0E33D2BA285F7BA200D44E0F /* AlertsandSheetsView.swift */; };
		0E33D2BD285F7DAA00D44E0F /* TransparentLayerView.swift in Sources */ = {isa = PBXBuildFile; fileRef = 0E33D2BC285F7DAA00D44E0F /* TransparentLayerView.swift */; };
		0E33D2BF285F7F9E00D44E0F /* SearchableView.swift in Sources */ = {isa = PBXBuildFile; fileRef = 0E33D2BE285F7F9E00D44E0F /* SearchableView.swift */; };
		0E33D2C2285F82AB00D44E0F /* resorts.json in Resources */ = {isa = PBXBuildFile; fileRef = 0E33D2C1285F82AB00D44E0F /* resorts.json */; };
		0E33D2C5285F830F00D44E0F /* Resort.swift in Sources */ = {isa = PBXBuildFile; fileRef = 0E33D2C4285F830F00D44E0F /* Resort.swift */; };
		0E33D2C7285F83BD00D44E0F /* Bundle-Decodable.swift in Sources */ = {isa = PBXBuildFile; fileRef = 0E33D2C6285F83BD00D44E0F /* Bundle-Decodable.swift */; };
		0E33D2C9285F86F000D44E0F /* WelcomeView.swift in Sources */ = {isa = PBXBuildFile; fileRef = 0E33D2C8285F86F000D44E0F /* WelcomeView.swift */; };
		0E33D2CB285F8AAF00D44E0F /* ResortView.swift in Sources */ = {isa = PBXBuildFile; fileRef = 0E33D2CA285F8AAF00D44E0F /* ResortView.swift */; };
		0E33D2CD285F8BBE00D44E0F /* SkiDetailsView.swift in Sources */ = {isa = PBXBuildFile; fileRef = 0E33D2CC285F8BBE00D44E0F /* SkiDetailsView.swift */; };
		0E33D2CF285F8C6400D44E0F /* ResortDetailsView.swift in Sources */ = {isa = PBXBuildFile; fileRef = 0E33D2CE285F8C6400D44E0F /* ResortDetailsView.swift */; };
		0E33D2D1285F979700D44E0F /* Facility.swift in Sources */ = {isa = PBXBuildFile; fileRef = 0E33D2D0285F979700D44E0F /* Facility.swift */; };
/* End PBXBuildFile section */

/* Begin PBXContainerItemProxy section */
		0E33D29C285F752600D44E0F /* PBXContainerItemProxy */ = {
			isa = PBXContainerItemProxy;
			containerPortal = 0E33D283285F752500D44E0F /* Project object */;
			proxyType = 1;
			remoteGlobalIDString = 0E33D28A285F752500D44E0F;
			remoteInfo = SnowSeeker;
		};
		0E33D2A6285F752600D44E0F /* PBXContainerItemProxy */ = {
			isa = PBXContainerItemProxy;
			containerPortal = 0E33D283285F752500D44E0F /* Project object */;
			proxyType = 1;
			remoteGlobalIDString = 0E33D28A285F752500D44E0F;
			remoteInfo = SnowSeeker;
		};
/* End PBXContainerItemProxy section */

/* Begin PBXFileReference section */
		0E33D28B285F752500D44E0F /* SnowSeeker.app */ = {isa = PBXFileReference; explicitFileType = wrapper.application; includeInIndex = 0; path = SnowSeeker.app; sourceTree = BUILT_PRODUCTS_DIR; };
		0E33D28E285F752500D44E0F /* SnowSeekerApp.swift */ = {isa = PBXFileReference; lastKnownFileType = sourcecode.swift; path = SnowSeekerApp.swift; sourceTree = "<group>"; };
		0E33D290285F752500D44E0F /* ContentView.swift */ = {isa = PBXFileReference; lastKnownFileType = sourcecode.swift; path = ContentView.swift; sourceTree = "<group>"; };
		0E33D292285F752600D44E0F /* Assets.xcassets */ = {isa = PBXFileReference; lastKnownFileType = folder.assetcatalog; path = Assets.xcassets; sourceTree = "<group>"; };
		0E33D295285F752600D44E0F /* Preview Assets.xcassets */ = {isa = PBXFileReference; lastKnownFileType = folder.assetcatalog; path = "Preview Assets.xcassets"; sourceTree = "<group>"; };
		0E33D29B285F752600D44E0F /* SnowSeekerTests.xctest */ = {isa = PBXFileReference; explicitFileType = wrapper.cfbundle; includeInIndex = 0; path = SnowSeekerTests.xctest; sourceTree = BUILT_PRODUCTS_DIR; };
		0E33D29F285F752600D44E0F /* SnowSeekerTests.swift */ = {isa = PBXFileReference; lastKnownFileType = sourcecode.swift; path = SnowSeekerTests.swift; sourceTree = "<group>"; };
		0E33D2A5285F752600D44E0F /* SnowSeekerUITests.xctest */ = {isa = PBXFileReference; explicitFileType = wrapper.cfbundle; includeInIndex = 0; path = SnowSeekerUITests.xctest; sourceTree = BUILT_PRODUCTS_DIR; };
		0E33D2A9285F752600D44E0F /* SnowSeekerUITests.swift */ = {isa = PBXFileReference; lastKnownFileType = sourcecode.swift; path = SnowSeekerUITests.swift; sourceTree = "<group>"; };
		0E33D2AB285F752600D44E0F /* SnowSeekerUITestsLaunchTests.swift */ = {isa = PBXFileReference; lastKnownFileType = sourcecode.swift; path = SnowSeekerUITestsLaunchTests.swift; sourceTree = "<group>"; };
		0E33D2B8285F7B2C00D44E0F /* NavigationLayoutsView.swift */ = {isa = PBXFileReference; lastKnownFileType = sourcecode.swift; path = NavigationLayoutsView.swift; sourceTree = "<group>"; };
		0E33D2BA285F7BA200D44E0F /* AlertsandSheetsView.swift */ = {isa = PBXFileReference; lastKnownFileType = sourcecode.swift; path = AlertsandSheetsView.swift; sourceTree = "<group>"; };
		0E33D2BC285F7DAA00D44E0F /* TransparentLayerView.swift */ = {isa = PBXFileReference; lastKnownFileType = sourcecode.swift; path = TransparentLayerView.swift; sourceTree = "<group>"; };
		0E33D2BE285F7F9E00D44E0F /* SearchableView.swift */ = {isa = PBXFileReference; lastKnownFileType = sourcecode.swift; path = SearchableView.swift; sourceTree = "<group>"; };
		0E33D2C1285F82AB00D44E0F /* resorts.json */ = {isa = PBXFileReference; fileEncoding = 4; lastKnownFileType = text.json; path = resorts.json; sourceTree = "<group>"; };
		0E33D2C4285F830F00D44E0F /* Resort.swift */ = {isa = PBXFileReference; lastKnownFileType = sourcecode.swift; path = Resort.swift; sourceTree = "<group>"; };
		0E33D2C6285F83BD00D44E0F /* Bundle-Decodable.swift */ = {isa = PBXFileReference; lastKnownFileType = sourcecode.swift; path = "Bundle-Decodable.swift"; sourceTree = "<group>"; };
		0E33D2C8285F86F000D44E0F /* WelcomeView.swift */ = {isa = PBXFileReference; lastKnownFileType = sourcecode.swift; path = WelcomeView.swift; sourceTree = "<group>"; };
		0E33D2CA285F8AAF00D44E0F /* ResortView.swift */ = {isa = PBXFileReference; lastKnownFileType = sourcecode.swift; path = ResortView.swift; sourceTree = "<group>"; };
		0E33D2CC285F8BBE00D44E0F /* SkiDetailsView.swift */ = {isa = PBXFileReference; lastKnownFileType = sourcecode.swift; path = SkiDetailsView.swift; sourceTree = "<group>"; };
		0E33D2CE285F8C6400D44E0F /* ResortDetailsView.swift */ = {isa = PBXFileReference; lastKnownFileType = sourcecode.swift; path = ResortDetailsView.swift; sourceTree = "<group>"; };
		0E33D2D0285F979700D44E0F /* Facility.swift */ = {isa = PBXFileReference; lastKnownFileType = sourcecode.swift; path = Facility.swift; sourceTree = "<group>"; };
/* End PBXFileReference section */

/* Begin PBXFrameworksBuildPhase section */
		0E33D288285F752500D44E0F /* Frameworks */ = {
			isa = PBXFrameworksBuildPhase;
			buildActionMask = 2147483647;
			files = (
			);
			runOnlyForDeploymentPostprocessing = 0;
		};
		0E33D298285F752600D44E0F /* Frameworks */ = {
			isa = PBXFrameworksBuildPhase;
			buildActionMask = 2147483647;
			files = (
			);
			runOnlyForDeploymentPostprocessing = 0;
		};
		0E33D2A2285F752600D44E0F /* Frameworks */ = {
			isa = PBXFrameworksBuildPhase;
			buildActionMask = 2147483647;
			files = (
			);
			runOnlyForDeploymentPostprocessing = 0;
		};
/* End PBXFrameworksBuildPhase section */

/* Begin PBXGroup section */
		0E33D282285F752500D44E0F = {
			isa = PBXGroup;
			children = (
				0E33D28D285F752500D44E0F /* SnowSeeker */,
				0E33D29E285F752600D44E0F /* SnowSeekerTests */,
				0E33D2A8285F752600D44E0F /* SnowSeekerUITests */,
				0E33D28C285F752500D44E0F /* Products */,
			);
			sourceTree = "<group>";
		};
		0E33D28C285F752500D44E0F /* Products */ = {
			isa = PBXGroup;
			children = (
				0E33D28B285F752500D44E0F /* SnowSeeker.app */,
				0E33D29B285F752600D44E0F /* SnowSeekerTests.xctest */,
				0E33D2A5285F752600D44E0F /* SnowSeekerUITests.xctest */,
			);
			name = Products;
			sourceTree = "<group>";
		};
		0E33D28D285F752500D44E0F /* SnowSeeker */ = {
			isa = PBXGroup;
			children = (
				0E33D2C1285F82AB00D44E0F /* resorts.json */,
				0E33D290285F752500D44E0F /* ContentView.swift */,
				0E33D2CE285F8C6400D44E0F /* ResortDetailsView.swift */,
				0E33D2CA285F8AAF00D44E0F /* ResortView.swift */,
				0E33D2CC285F8BBE00D44E0F /* SkiDetailsView.swift */,
				0E33D28E285F752500D44E0F /* SnowSeekerApp.swift */,
				0E33D2C8285F86F000D44E0F /* WelcomeView.swift */,
				0E33D292285F752600D44E0F /* Assets.xcassets */,
				0E33D2C3285F82E500D44E0F /* Model */,
				0E33D294285F752600D44E0F /* Preview Content */,
				0E33D2C0285F824000D44E0F /* Techniques */,
			);
			path = SnowSeeker;
			sourceTree = "<group>";
		};
		0E33D294285F752600D44E0F /* Preview Content */ = {
			isa = PBXGroup;
			children = (
				0E33D295285F752600D44E0F /* Preview Assets.xcassets */,
			);
			path = "Preview Content";
			sourceTree = "<group>";
		};
		0E33D29E285F752600D44E0F /* SnowSeekerTests */ = {
			isa = PBXGroup;
			children = (
				0E33D29F285F752600D44E0F /* SnowSeekerTests.swift */,
			);
			path = SnowSeekerTests;
			sourceTree = "<group>";
		};
		0E33D2A8285F752600D44E0F /* SnowSeekerUITests */ = {
			isa = PBXGroup;
			children = (
				0E33D2A9285F752600D44E0F /* SnowSeekerUITests.swift */,
				0E33D2AB285F752600D44E0F /* SnowSeekerUITestsLaunchTests.swift */,
			);
			path = SnowSeekerUITests;
			sourceTree = "<group>";
		};
		0E33D2C0285F824000D44E0F /* Techniques */ = {
			isa = PBXGroup;
			children = (
				0E33D2B8285F7B2C00D44E0F /* NavigationLayoutsView.swift */,
				0E33D2BA285F7BA200D44E0F /* AlertsandSheetsView.swift */,
				0E33D2BC285F7DAA00D44E0F /* TransparentLayerView.swift */,
				0E33D2BE285F7F9E00D44E0F /* SearchableView.swift */,
			);
			path = Techniques;
			sourceTree = "<group>";
		};
		0E33D2C3285F82E500D44E0F /* Model */ = {
			isa = PBXGroup;
			children = (
				0E33D2C6285F83BD00D44E0F /* Bundle-Decodable.swift */,
				0E33D2D0285F979700D44E0F /* Facility.swift */,
				0E33D2C4285F830F00D44E0F /* Resort.swift */,
			);
			path = Model;
			sourceTree = "<group>";
		};
/* End PBXGroup section */

/* Begin PBXNativeTarget section */
		0E33D28A285F752500D44E0F /* SnowSeeker */ = {
			isa = PBXNativeTarget;
			buildConfigurationList = 0E33D2AF285F752600D44E0F /* Build configuration list for PBXNativeTarget "SnowSeeker" */;
			buildPhases = (
				0E33D287285F752500D44E0F /* Sources */,
				0E33D288285F752500D44E0F /* Frameworks */,
				0E33D289285F752500D44E0F /* Resources */,
			);
			buildRules = (
			);
			dependencies = (
			);
			name = SnowSeeker;
			productName = SnowSeeker;
			productReference = 0E33D28B285F752500D44E0F /* SnowSeeker.app */;
			productType = "com.apple.product-type.application";
		};
		0E33D29A285F752600D44E0F /* SnowSeekerTests */ = {
			isa = PBXNativeTarget;
			buildConfigurationList = 0E33D2B2285F752600D44E0F /* Build configuration list for PBXNativeTarget "SnowSeekerTests" */;
			buildPhases = (
				0E33D297285F752600D44E0F /* Sources */,
				0E33D298285F752600D44E0F /* Frameworks */,
				0E33D299285F752600D44E0F /* Resources */,
			);
			buildRules = (
			);
			dependencies = (
				0E33D29D285F752600D44E0F /* PBXTargetDependency */,
			);
			name = SnowSeekerTests;
			productName = SnowSeekerTests;
			productReference = 0E33D29B285F752600D44E0F /* SnowSeekerTests.xctest */;
			productType = "com.apple.product-type.bundle.unit-test";
		};
		0E33D2A4285F752600D44E0F /* SnowSeekerUITests */ = {
			isa = PBXNativeTarget;
			buildConfigurationList = 0E33D2B5285F752600D44E0F /* Build configuration list for PBXNativeTarget "SnowSeekerUITests" */;
			buildPhases = (
				0E33D2A1285F752600D44E0F /* Sources */,
				0E33D2A2285F752600D44E0F /* Frameworks */,
				0E33D2A3285F752600D44E0F /* Resources */,
			);
			buildRules = (
			);
			dependencies = (
				0E33D2A7285F752600D44E0F /* PBXTargetDependency */,
			);
			name = SnowSeekerUITests;
			productName = SnowSeekerUITests;
			productReference = 0E33D2A5285F752600D44E0F /* SnowSeekerUITests.xctest */;
			productType = "com.apple.product-type.bundle.ui-testing";
		};
/* End PBXNativeTarget section */

/* Begin PBXProject section */
		0E33D283285F752500D44E0F /* Project object */ = {
			isa = PBXProject;
			attributes = {
				BuildIndependentTargetsInParallel = 1;
				LastSwiftUpdateCheck = 1330;
				LastUpgradeCheck = 1330;
				TargetAttributes = {
					0E33D28A285F752500D44E0F = {
						CreatedOnToolsVersion = 13.3;
					};
					0E33D29A285F752600D44E0F = {
						CreatedOnToolsVersion = 13.3;
						TestTargetID = 0E33D28A285F752500D44E0F;
					};
					0E33D2A4285F752600D44E0F = {
						CreatedOnToolsVersion = 13.3;
						TestTargetID = 0E33D28A285F752500D44E0F;
					};
				};
			};
			buildConfigurationList = 0E33D286285F752500D44E0F /* Build configuration list for PBXProject "SnowSeeker" */;
			compatibilityVersion = "Xcode 13.0";
			developmentRegion = en;
			hasScannedForEncodings = 0;
			knownRegions = (
				en,
				Base,
			);
			mainGroup = 0E33D282285F752500D44E0F;
			productRefGroup = 0E33D28C285F752500D44E0F /* Products */;
			projectDirPath = "";
			projectRoot = "";
			targets = (
				0E33D28A285F752500D44E0F /* SnowSeeker */,
				0E33D29A285F752600D44E0F /* SnowSeekerTests */,
				0E33D2A4285F752600D44E0F /* SnowSeekerUITests */,
			);
		};
/* End PBXProject section */

/* Begin PBXResourcesBuildPhase section */
		0E33D289285F752500D44E0F /* Resources */ = {
			isa = PBXResourcesBuildPhase;
			buildActionMask = 2147483647;
			files = (
				0E33D2C2285F82AB00D44E0F /* resorts.json in Resources */,
				0E33D296285F752600D44E0F /* Preview Assets.xcassets in Resources */,
				0E33D293285F752600D44E0F /* Assets.xcassets in Resources */,
			);
			runOnlyForDeploymentPostprocessing = 0;
		};
		0E33D299285F752600D44E0F /* Resources */ = {
			isa = PBXResourcesBuildPhase;
			buildActionMask = 2147483647;
			files = (
			);
			runOnlyForDeploymentPostprocessing = 0;
		};
		0E33D2A3285F752600D44E0F /* Resources */ = {
			isa = PBXResourcesBuildPhase;
			buildActionMask = 2147483647;
			files = (
			);
			runOnlyForDeploymentPostprocessing = 0;
		};
/* End PBXResourcesBuildPhase section */

/* Begin PBXSourcesBuildPhase section */
		0E33D287285F752500D44E0F /* Sources */ = {
			isa = PBXSourcesBuildPhase;
			buildActionMask = 2147483647;
			files = (
				0E33D2BF285F7F9E00D44E0F /* SearchableView.swift in Sources */,
				0E33D2BD285F7DAA00D44E0F /* TransparentLayerView.swift in Sources */,
				0E33D2C5285F830F00D44E0F /* Resort.swift in Sources */,
				0E33D2C7285F83BD00D44E0F /* Bundle-Decodable.swift in Sources */,
				0E33D2C9285F86F000D44E0F /* WelcomeView.swift in Sources */,
				0E33D2B9285F7B2C00D44E0F /* NavigationLayoutsView.swift in Sources */,
				0E33D2D1285F979700D44E0F /* Facility.swift in Sources */,
				0E33D2CF285F8C6400D44E0F /* ResortDetailsView.swift in Sources */,
				0E33D2BB285F7BA200D44E0F /* AlertsandSheetsView.swift in Sources */,
				0E33D2CB285F8AAF00D44E0F /* ResortView.swift in Sources */,
				0E33D2CD285F8BBE00D44E0F /* SkiDetailsView.swift in Sources */,
				0E33D291285F752500D44E0F /* ContentView.swift in Sources */,
				0E33D28F285F752500D44E0F /* SnowSeekerApp.swift in Sources */,
			);
			runOnlyForDeploymentPostprocessing = 0;
		};
		0E33D297285F752600D44E0F /* Sources */ = {
			isa = PBXSourcesBuildPhase;
			buildActionMask = 2147483647;
			files = (
				0E33D2A0285F752600D44E0F /* SnowSeekerTests.swift in Sources */,
			);
			runOnlyForDeploymentPostprocessing = 0;
		};
		0E33D2A1285F752600D44E0F /* Sources */ = {
			isa = PBXSourcesBuildPhase;
			buildActionMask = 2147483647;
			files = (
				0E33D2AC285F752600D44E0F /* SnowSeekerUITestsLaunchTests.swift in Sources */,
				0E33D2AA285F752600D44E0F /* SnowSeekerUITests.swift in Sources */,
			);
			runOnlyForDeploymentPostprocessing = 0;
		};
/* End PBXSourcesBuildPhase section */

/* Begin PBXTargetDependency section */
		0E33D29D285F752600D44E0F /* PBXTargetDependency */ = {
			isa = PBXTargetDependency;
			target = 0E33D28A285F752500D44E0F /* SnowSeeker */;
			targetProxy = 0E33D29C285F752600D44E0F /* PBXContainerItemProxy */;
		};
		0E33D2A7285F752600D44E0F /* PBXTargetDependency */ = {
			isa = PBXTargetDependency;
			target = 0E33D28A285F752500D44E0F /* SnowSeeker */;
			targetProxy = 0E33D2A6285F752600D44E0F /* PBXContainerItemProxy */;
		};
/* End PBXTargetDependency section */

/* Begin XCBuildConfiguration section */
		0E33D2AD285F752600D44E0F /* Debug */ = {
			isa = XCBuildConfiguration;
			buildSettings = {
				ALWAYS_SEARCH_USER_PATHS = NO;
				CLANG_ANALYZER_NONNULL = YES;
				CLANG_ANALYZER_NUMBER_OBJECT_CONVERSION = YES_AGGRESSIVE;
				CLANG_CXX_LANGUAGE_STANDARD = "gnu++17";
				CLANG_ENABLE_MODULES = YES;
				CLANG_ENABLE_OBJC_ARC = YES;
				CLANG_ENABLE_OBJC_WEAK = YES;
				CLANG_WARN_BLOCK_CAPTURE_AUTORELEASING = YES;
				CLANG_WARN_BOOL_CONVERSION = YES;
				CLANG_WARN_COMMA = YES;
				CLANG_WARN_CONSTANT_CONVERSION = YES;
				CLANG_WARN_DEPRECATED_OBJC_IMPLEMENTATIONS = YES;
				CLANG_WARN_DIRECT_OBJC_ISA_USAGE = YES_ERROR;
				CLANG_WARN_DOCUMENTATION_COMMENTS = YES;
				CLANG_WARN_EMPTY_BODY = YES;
				CLANG_WARN_ENUM_CONVERSION = YES;
				CLANG_WARN_INFINITE_RECURSION = YES;
				CLANG_WARN_INT_CONVERSION = YES;
				CLANG_WARN_NON_LITERAL_NULL_CONVERSION = YES;
				CLANG_WARN_OBJC_IMPLICIT_RETAIN_SELF = YES;
				CLANG_WARN_OBJC_LITERAL_CONVERSION = YES;
				CLANG_WARN_OBJC_ROOT_CLASS = YES_ERROR;
				CLANG_WARN_QUOTED_INCLUDE_IN_FRAMEWORK_HEADER = YES;
				CLANG_WARN_RANGE_LOOP_ANALYSIS = YES;
				CLANG_WARN_STRICT_PROTOTYPES = YES;
				CLANG_WARN_SUSPICIOUS_MOVE = YES;
				CLANG_WARN_UNGUARDED_AVAILABILITY = YES_AGGRESSIVE;
				CLANG_WARN_UNREACHABLE_CODE = YES;
				CLANG_WARN__DUPLICATE_METHOD_MATCH = YES;
				COPY_PHASE_STRIP = NO;
				DEBUG_INFORMATION_FORMAT = dwarf;
				ENABLE_STRICT_OBJC_MSGSEND = YES;
				ENABLE_TESTABILITY = YES;
				GCC_C_LANGUAGE_STANDARD = gnu11;
				GCC_DYNAMIC_NO_PIC = NO;
				GCC_NO_COMMON_BLOCKS = YES;
				GCC_OPTIMIZATION_LEVEL = 0;
				GCC_PREPROCESSOR_DEFINITIONS = (
					"DEBUG=1",
					"$(inherited)",
				);
				GCC_WARN_64_TO_32_BIT_CONVERSION = YES;
				GCC_WARN_ABOUT_RETURN_TYPE = YES_ERROR;
				GCC_WARN_UNDECLARED_SELECTOR = YES;
				GCC_WARN_UNINITIALIZED_AUTOS = YES_AGGRESSIVE;
				GCC_WARN_UNUSED_FUNCTION = YES;
				GCC_WARN_UNUSED_VARIABLE = YES;
				IPHONEOS_DEPLOYMENT_TARGET = 15.4;
				MTL_ENABLE_DEBUG_INFO = INCLUDE_SOURCE;
				MTL_FAST_MATH = YES;
				ONLY_ACTIVE_ARCH = YES;
				SDKROOT = iphoneos;
				SWIFT_ACTIVE_COMPILATION_CONDITIONS = DEBUG;
				SWIFT_OPTIMIZATION_LEVEL = "-Onone";
			};
			name = Debug;
		};
		0E33D2AE285F752600D44E0F /* Release */ = {
			isa = XCBuildConfiguration;
			buildSettings = {
				ALWAYS_SEARCH_USER_PATHS = NO;
				CLANG_ANALYZER_NONNULL = YES;
				CLANG_ANALYZER_NUMBER_OBJECT_CONVERSION = YES_AGGRESSIVE;
				CLANG_CXX_LANGUAGE_STANDARD = "gnu++17";
				CLANG_ENABLE_MODULES = YES;
				CLANG_ENABLE_OBJC_ARC = YES;
				CLANG_ENABLE_OBJC_WEAK = YES;
				CLANG_WARN_BLOCK_CAPTURE_AUTORELEASING = YES;
				CLANG_WARN_BOOL_CONVERSION = YES;
				CLANG_WARN_COMMA = YES;
				CLANG_WARN_CONSTANT_CONVERSION = YES;
				CLANG_WARN_DEPRECATED_OBJC_IMPLEMENTATIONS = YES;
				CLANG_WARN_DIRECT_OBJC_ISA_USAGE = YES_ERROR;
				CLANG_WARN_DOCUMENTATION_COMMENTS = YES;
				CLANG_WARN_EMPTY_BODY = YES;
				CLANG_WARN_ENUM_CONVERSION = YES;
				CLANG_WARN_INFINITE_RECURSION = YES;
				CLANG_WARN_INT_CONVERSION = YES;
				CLANG_WARN_NON_LITERAL_NULL_CONVERSION = YES;
				CLANG_WARN_OBJC_IMPLICIT_RETAIN_SELF = YES;
				CLANG_WARN_OBJC_LITERAL_CONVERSION = YES;
				CLANG_WARN_OBJC_ROOT_CLASS = YES_ERROR;
				CLANG_WARN_QUOTED_INCLUDE_IN_FRAMEWORK_HEADER = YES;
				CLANG_WARN_RANGE_LOOP_ANALYSIS = YES;
				CLANG_WARN_STRICT_PROTOTYPES = YES;
				CLANG_WARN_SUSPICIOUS_MOVE = YES;
				CLANG_WARN_UNGUARDED_AVAILABILITY = YES_AGGRESSIVE;
				CLANG_WARN_UNREACHABLE_CODE = YES;
				CLANG_WARN__DUPLICATE_METHOD_MATCH = YES;
				COPY_PHASE_STRIP = NO;
				DEBUG_INFORMATION_FORMAT = "dwarf-with-dsym";
				ENABLE_NS_ASSERTIONS = NO;
				ENABLE_STRICT_OBJC_MSGSEND = YES;
				GCC_C_LANGUAGE_STANDARD = gnu11;
				GCC_NO_COMMON_BLOCKS = YES;
				GCC_WARN_64_TO_32_BIT_CONVERSION = YES;
				GCC_WARN_ABOUT_RETURN_TYPE = YES_ERROR;
				GCC_WARN_UNDECLARED_SELECTOR = YES;
				GCC_WARN_UNINITIALIZED_AUTOS = YES_AGGRESSIVE;
				GCC_WARN_UNUSED_FUNCTION = YES;
				GCC_WARN_UNUSED_VARIABLE = YES;
				IPHONEOS_DEPLOYMENT_TARGET = 15.4;
				MTL_ENABLE_DEBUG_INFO = NO;
				MTL_FAST_MATH = YES;
				SDKROOT = iphoneos;
				SWIFT_COMPILATION_MODE = wholemodule;
				SWIFT_OPTIMIZATION_LEVEL = "-O";
				VALIDATE_PRODUCT = YES;
			};
			name = Release;
		};
		0E33D2B0285F752600D44E0F /* Debug */ = {
			isa = XCBuildConfiguration;
			buildSettings = {
				ASSETCATALOG_COMPILER_APPICON_NAME = AppIcon;
				ASSETCATALOG_COMPILER_GLOBAL_ACCENT_COLOR_NAME = AccentColor;
				CODE_SIGN_STYLE = Automatic;
				CURRENT_PROJECT_VERSION = 1;
				DEVELOPMENT_ASSET_PATHS = "\"SnowSeeker/Preview Content\"";
				DEVELOPMENT_TEAM = H54GKQTW33;
				ENABLE_PREVIEWS = YES;
				GENERATE_INFOPLIST_FILE = YES;
				INFOPLIST_KEY_UIApplicationSceneManifest_Generation = YES;
				INFOPLIST_KEY_UIApplicationSupportsIndirectInputEvents = YES;
				INFOPLIST_KEY_UILaunchScreen_Generation = YES;
				INFOPLIST_KEY_UISupportedInterfaceOrientations_iPad = "UIInterfaceOrientationPortrait UIInterfaceOrientationPortraitUpsideDown UIInterfaceOrientationLandscapeLeft UIInterfaceOrientationLandscapeRight";
				INFOPLIST_KEY_UISupportedInterfaceOrientations_iPhone = "UIInterfaceOrientationPortrait UIInterfaceOrientationLandscapeLeft UIInterfaceOrientationLandscapeRight";
				LD_RUNPATH_SEARCH_PATHS = (
					"$(inherited)",
					"@executable_path/Frameworks",
				);
				MARKETING_VERSION = 1.0;
				PRODUCT_BUNDLE_IDENTIFIER = me.williams.joe.SnowSeeker;
				PRODUCT_NAME = "$(TARGET_NAME)";
				SWIFT_EMIT_LOC_STRINGS = YES;
				SWIFT_VERSION = 5.0;
				TARGETED_DEVICE_FAMILY = "1,2";
			};
			name = Debug;
		};
		0E33D2B1285F752600D44E0F /* Release */ = {
			isa = XCBuildConfiguration;
			buildSettings = {
				ASSETCATALOG_COMPILER_APPICON_NAME = AppIcon;
				ASSETCATALOG_COMPILER_GLOBAL_ACCENT_COLOR_NAME = AccentColor;
				CODE_SIGN_STYLE = Automatic;
				CURRENT_PROJECT_VERSION = 1;
				DEVELOPMENT_ASSET_PATHS = "\"SnowSeeker/Preview Content\"";
				DEVELOPMENT_TEAM = H54GKQTW33;
				ENABLE_PREVIEWS = YES;
				GENERATE_INFOPLIST_FILE = YES;
				INFOPLIST_KEY_UIApplicationSceneManifest_Generation = YES;
				INFOPLIST_KEY_UIApplicationSupportsIndirectInputEvents = YES;
				INFOPLIST_KEY_UILaunchScreen_Generation = YES;
				INFOPLIST_KEY_UISupportedInterfaceOrientations_iPad = "UIInterfaceOrientationPortrait UIInterfaceOrientationPortraitUpsideDown UIInterfaceOrientationLandscapeLeft UIInterfaceOrientationLandscapeRight";
				INFOPLIST_KEY_UISupportedInterfaceOrientations_iPhone = "UIInterfaceOrientationPortrait UIInterfaceOrientationLandscapeLeft UIInterfaceOrientationLandscapeRight";
				LD_RUNPATH_SEARCH_PATHS = (
					"$(inherited)",
					"@executable_path/Frameworks",
				);
				MARKETING_VERSION = 1.0;
				PRODUCT_BUNDLE_IDENTIFIER = me.williams.joe.SnowSeeker;
				PRODUCT_NAME = "$(TARGET_NAME)";
				SWIFT_EMIT_LOC_STRINGS = YES;
				SWIFT_VERSION = 5.0;
				TARGETED_DEVICE_FAMILY = "1,2";
			};
			name = Release;
		};
		0E33D2B3285F752600D44E0F /* Debug */ = {
			isa = XCBuildConfiguration;
			buildSettings = {
				ALWAYS_EMBED_SWIFT_STANDARD_LIBRARIES = YES;
				BUNDLE_LOADER = "$(TEST_HOST)";
				CODE_SIGN_STYLE = Automatic;
				CURRENT_PROJECT_VERSION = 1;
				DEVELOPMENT_TEAM = H54GKQTW33;
				GENERATE_INFOPLIST_FILE = YES;
				IPHONEOS_DEPLOYMENT_TARGET = 15.4;
				MARKETING_VERSION = 1.0;
				PRODUCT_BUNDLE_IDENTIFIER = me.williams.joe.SnowSeekerTests;
				PRODUCT_NAME = "$(TARGET_NAME)";
				SWIFT_EMIT_LOC_STRINGS = NO;
				SWIFT_VERSION = 5.0;
				TARGETED_DEVICE_FAMILY = "1,2";
				TEST_HOST = "$(BUILT_PRODUCTS_DIR)/SnowSeeker.app/SnowSeeker";
			};
			name = Debug;
		};
		0E33D2B4285F752600D44E0F /* Release */ = {
			isa = XCBuildConfiguration;
			buildSettings = {
				ALWAYS_EMBED_SWIFT_STANDARD_LIBRARIES = YES;
				BUNDLE_LOADER = "$(TEST_HOST)";
				CODE_SIGN_STYLE = Automatic;
				CURRENT_PROJECT_VERSION = 1;
				DEVELOPMENT_TEAM = H54GKQTW33;
				GENERATE_INFOPLIST_FILE = YES;
				IPHONEOS_DEPLOYMENT_TARGET = 15.4;
				MARKETING_VERSION = 1.0;
				PRODUCT_BUNDLE_IDENTIFIER = me.williams.joe.SnowSeekerTests;
				PRODUCT_NAME = "$(TARGET_NAME)";
				SWIFT_EMIT_LOC_STRINGS = NO;
				SWIFT_VERSION = 5.0;
				TARGETED_DEVICE_FAMILY = "1,2";
				TEST_HOST = "$(BUILT_PRODUCTS_DIR)/SnowSeeker.app/SnowSeeker";
			};
			name = Release;
		};
		0E33D2B6285F752600D44E0F /* Debug */ = {
			isa = XCBuildConfiguration;
			buildSettings = {
				ALWAYS_EMBED_SWIFT_STANDARD_LIBRARIES = YES;
				CODE_SIGN_STYLE = Automatic;
				CURRENT_PROJECT_VERSION = 1;
				DEVELOPMENT_TEAM = H54GKQTW33;
				GENERATE_INFOPLIST_FILE = YES;
				MARKETING_VERSION = 1.0;
				PRODUCT_BUNDLE_IDENTIFIER = me.williams.joe.SnowSeekerUITests;
				PRODUCT_NAME = "$(TARGET_NAME)";
				SWIFT_EMIT_LOC_STRINGS = NO;
				SWIFT_VERSION = 5.0;
				TARGETED_DEVICE_FAMILY = "1,2";
				TEST_TARGET_NAME = SnowSeeker;
			};
			name = Debug;
		};
		0E33D2B7285F752600D44E0F /* Release */ = {
			isa = XCBuildConfiguration;
			buildSettings = {
				ALWAYS_EMBED_SWIFT_STANDARD_LIBRARIES = YES;
				CODE_SIGN_STYLE = Automatic;
				CURRENT_PROJECT_VERSION = 1;
				DEVELOPMENT_TEAM = H54GKQTW33;
				GENERATE_INFOPLIST_FILE = YES;
				MARKETING_VERSION = 1.0;
				PRODUCT_BUNDLE_IDENTIFIER = me.williams.joe.SnowSeekerUITests;
				PRODUCT_NAME = "$(TARGET_NAME)";
				SWIFT_EMIT_LOC_STRINGS = NO;
				SWIFT_VERSION = 5.0;
				TARGETED_DEVICE_FAMILY = "1,2";
				TEST_TARGET_NAME = SnowSeeker;
			};
			name = Release;
		};
/* End XCBuildConfiguration section */

/* Begin XCConfigurationList section */
		0E33D286285F752500D44E0F /* Build configuration list for PBXProject "SnowSeeker" */ = {
			isa = XCConfigurationList;
			buildConfigurations = (
				0E33D2AD285F752600D44E0F /* Debug */,
				0E33D2AE285F752600D44E0F /* Release */,
			);
			defaultConfigurationIsVisible = 0;
			defaultConfigurationName = Release;
		};
		0E33D2AF285F752600D44E0F /* Build configuration list for PBXNativeTarget "SnowSeeker" */ = {
			isa = XCConfigurationList;
			buildConfigurations = (
				0E33D2B0285F752600D44E0F /* Debug */,
				0E33D2B1285F752600D44E0F /* Release */,
			);
			defaultConfigurationIsVisible = 0;
			defaultConfigurationName = Release;
		};
		0E33D2B2285F752600D44E0F /* Build configuration list for PBXNativeTarget "SnowSeekerTests" */ = {
			isa = XCConfigurationList;
			buildConfigurations = (
				0E33D2B3285F752600D44E0F /* Debug */,
				0E33D2B4285F752600D44E0F /* Release */,
			);
			defaultConfigurationIsVisible = 0;
			defaultConfigurationName = Release;
		};
		0E33D2B5285F752600D44E0F /* Build configuration list for PBXNativeTarget "SnowSeekerUITests" */ = {
			isa = XCConfigurationList;
			buildConfigurations = (
				0E33D2B6285F752600D44E0F /* Debug */,
				0E33D2B7285F752600D44E0F /* Release */,
			);
			defaultConfigurationIsVisible = 0;
			defaultConfigurationName = Release;
		};
/* End XCConfigurationList section */
	};
	rootObject = 0E33D283285F752500D44E0F /* Project object */;
}
