// !$*UTF8*$!
{
	archiveVersion = 1;
	classes = {
	};
	objectVersion = 55;
	objects = {

/* Begin PBXBuildFile section */
		0E434E842857F1DD00CCB64D /* LayoutAndGeometryApp.swift in Sources */ = {isa = PBXBuildFile; fileRef = 0E434E832857F1DD00CCB64D /* LayoutAndGeometryApp.swift */; };
		0E434E862857F1DD00CCB64D /* CustomAlignmentGuide.swift in Sources */ = {isa = PBXBuildFile; fileRef = 0E434E852857F1DD00CCB64D /* CustomAlignmentGuide.swift */; };
		0E434E882857F1DE00CCB64D /* Assets.xcassets in Resources */ = {isa = PBXBuildFile; fileRef = 0E434E872857F1DE00CCB64D /* Assets.xcassets */; };
		0E434E8B2857F1DE00CCB64D /* Preview Assets.xcassets in Resources */ = {isa = PBXBuildFile; fileRef = 0E434E8A2857F1DE00CCB64D /* Preview Assets.xcassets */; };
		0E434E952857F1DE00CCB64D /* LayoutAndGeometryTests.swift in Sources */ = {isa = PBXBuildFile; fileRef = 0E434E942857F1DE00CCB64D /* LayoutAndGeometryTests.swift */; };
		0E434E9F2857F1DE00CCB64D /* LayoutAndGeometryUITests.swift in Sources */ = {isa = PBXBuildFile; fileRef = 0E434E9E2857F1DE00CCB64D /* LayoutAndGeometryUITests.swift */; };
		0E434EA12857F1DE00CCB64D /* LayoutAndGeometryUITestsLaunchTests.swift in Sources */ = {isa = PBXBuildFile; fileRef = 0E434EA02857F1DE00CCB64D /* LayoutAndGeometryUITestsLaunchTests.swift */; };
		0E5FBA28285A300500BC8802 /* AbsolutePositioning.swift in Sources */ = {isa = PBXBuildFile; fileRef = 0E5FBA27285A300500BC8802 /* AbsolutePositioning.swift */; };
		0E5FBA2A285A350700BC8802 /* GeometryReaderView.swift in Sources */ = {isa = PBXBuildFile; fileRef = 0E5FBA29285A350700BC8802 /* GeometryReaderView.swift */; };
		0E5FBA2C285A7AD100BC8802 /* ScrollEffectView.swift in Sources */ = {isa = PBXBuildFile; fileRef = 0E5FBA2B285A7AD100BC8802 /* ScrollEffectView.swift */; };
		0E5FBA2E285A819900BC8802 /* ChallengeView.swift in Sources */ = {isa = PBXBuildFile; fileRef = 0E5FBA2D285A819900BC8802 /* ChallengeView.swift */; };
/* End PBXBuildFile section */

/* Begin PBXContainerItemProxy section */
		0E434E912857F1DE00CCB64D /* PBXContainerItemProxy */ = {
			isa = PBXContainerItemProxy;
			containerPortal = 0E434E782857F1DD00CCB64D /* Project object */;
			proxyType = 1;
			remoteGlobalIDString = 0E434E7F2857F1DD00CCB64D;
			remoteInfo = LayoutAndGeometry;
		};
		0E434E9B2857F1DE00CCB64D /* PBXContainerItemProxy */ = {
			isa = PBXContainerItemProxy;
			containerPortal = 0E434E782857F1DD00CCB64D /* Project object */;
			proxyType = 1;
			remoteGlobalIDString = 0E434E7F2857F1DD00CCB64D;
			remoteInfo = LayoutAndGeometry;
		};
/* End PBXContainerItemProxy section */

/* Begin PBXFileReference section */
		0E434E802857F1DD00CCB64D /* LayoutAndGeometry.app */ = {isa = PBXFileReference; explicitFileType = wrapper.application; includeInIndex = 0; path = LayoutAndGeometry.app; sourceTree = BUILT_PRODUCTS_DIR; };
		0E434E832857F1DD00CCB64D /* LayoutAndGeometryApp.swift */ = {isa = PBXFileReference; lastKnownFileType = sourcecode.swift; path = LayoutAndGeometryApp.swift; sourceTree = "<group>"; };
		0E434E852857F1DD00CCB64D /* CustomAlignmentGuide.swift */ = {isa = PBXFileReference; lastKnownFileType = sourcecode.swift; path = CustomAlignmentGuide.swift; sourceTree = "<group>"; };
		0E434E872857F1DE00CCB64D /* Assets.xcassets */ = {isa = PBXFileReference; lastKnownFileType = folder.assetcatalog; path = Assets.xcassets; sourceTree = "<group>"; };
		0E434E8A2857F1DE00CCB64D /* Preview Assets.xcassets */ = {isa = PBXFileReference; lastKnownFileType = folder.assetcatalog; path = "Preview Assets.xcassets"; sourceTree = "<group>"; };
		0E434E902857F1DE00CCB64D /* LayoutAndGeometryTests.xctest */ = {isa = PBXFileReference; explicitFileType = wrapper.cfbundle; includeInIndex = 0; path = LayoutAndGeometryTests.xctest; sourceTree = BUILT_PRODUCTS_DIR; };
		0E434E942857F1DE00CCB64D /* LayoutAndGeometryTests.swift */ = {isa = PBXFileReference; lastKnownFileType = sourcecode.swift; path = LayoutAndGeometryTests.swift; sourceTree = "<group>"; };
		0E434E9A2857F1DE00CCB64D /* LayoutAndGeometryUITests.xctest */ = {isa = PBXFileReference; explicitFileType = wrapper.cfbundle; includeInIndex = 0; path = LayoutAndGeometryUITests.xctest; sourceTree = BUILT_PRODUCTS_DIR; };
		0E434E9E2857F1DE00CCB64D /* LayoutAndGeometryUITests.swift */ = {isa = PBXFileReference; lastKnownFileType = sourcecode.swift; path = LayoutAndGeometryUITests.swift; sourceTree = "<group>"; };
		0E434EA02857F1DE00CCB64D /* LayoutAndGeometryUITestsLaunchTests.swift */ = {isa = PBXFileReference; lastKnownFileType = sourcecode.swift; path = LayoutAndGeometryUITestsLaunchTests.swift; sourceTree = "<group>"; };
		0E5FBA27285A300500BC8802 /* AbsolutePositioning.swift */ = {isa = PBXFileReference; lastKnownFileType = sourcecode.swift; path = AbsolutePositioning.swift; sourceTree = "<group>"; };
		0E5FBA29285A350700BC8802 /* GeometryReaderView.swift */ = {isa = PBXFileReference; lastKnownFileType = sourcecode.swift; path = GeometryReaderView.swift; sourceTree = "<group>"; };
		0E5FBA2B285A7AD100BC8802 /* ScrollEffectView.swift */ = {isa = PBXFileReference; lastKnownFileType = sourcecode.swift; path = ScrollEffectView.swift; sourceTree = "<group>"; };
		0E5FBA2D285A819900BC8802 /* ChallengeView.swift */ = {isa = PBXFileReference; lastKnownFileType = sourcecode.swift; path = ChallengeView.swift; sourceTree = "<group>"; };
/* End PBXFileReference section */

/* Begin PBXFrameworksBuildPhase section */
		0E434E7D2857F1DD00CCB64D /* Frameworks */ = {
			isa = PBXFrameworksBuildPhase;
			buildActionMask = 2147483647;
			files = (
			);
			runOnlyForDeploymentPostprocessing = 0;
		};
		0E434E8D2857F1DE00CCB64D /* Frameworks */ = {
			isa = PBXFrameworksBuildPhase;
			buildActionMask = 2147483647;
			files = (
			);
			runOnlyForDeploymentPostprocessing = 0;
		};
		0E434E972857F1DE00CCB64D /* Frameworks */ = {
			isa = PBXFrameworksBuildPhase;
			buildActionMask = 2147483647;
			files = (
			);
			runOnlyForDeploymentPostprocessing = 0;
		};
/* End PBXFrameworksBuildPhase section */

/* Begin PBXGroup section */
		0E434E772857F1DD00CCB64D = {
			isa = PBXGroup;
			children = (
				0E434E822857F1DD00CCB64D /* LayoutAndGeometry */,
				0E434E932857F1DE00CCB64D /* LayoutAndGeometryTests */,
				0E434E9D2857F1DE00CCB64D /* LayoutAndGeometryUITests */,
				0E434E812857F1DD00CCB64D /* Products */,
			);
			sourceTree = "<group>";
		};
		0E434E812857F1DD00CCB64D /* Products */ = {
			isa = PBXGroup;
			children = (
				0E434E802857F1DD00CCB64D /* LayoutAndGeometry.app */,
				0E434E902857F1DE00CCB64D /* LayoutAndGeometryTests.xctest */,
				0E434E9A2857F1DE00CCB64D /* LayoutAndGeometryUITests.xctest */,
			);
			name = Products;
			sourceTree = "<group>";
		};
		0E434E822857F1DD00CCB64D /* LayoutAndGeometry */ = {
			isa = PBXGroup;
			children = (
				0E434E832857F1DD00CCB64D /* LayoutAndGeometryApp.swift */,
				0E434E852857F1DD00CCB64D /* CustomAlignmentGuide.swift */,
				0E5FBA27285A300500BC8802 /* AbsolutePositioning.swift */,
				0E5FBA29285A350700BC8802 /* GeometryReaderView.swift */,
				0E5FBA2B285A7AD100BC8802 /* ScrollEffectView.swift */,
				0E5FBA2D285A819900BC8802 /* ChallengeView.swift */,
				0E434E872857F1DE00CCB64D /* Assets.xcassets */,
				0E434E892857F1DE00CCB64D /* Preview Content */,
			);
			path = LayoutAndGeometry;
			sourceTree = "<group>";
		};
		0E434E892857F1DE00CCB64D /* Preview Content */ = {
			isa = PBXGroup;
			children = (
				0E434E8A2857F1DE00CCB64D /* Preview Assets.xcassets */,
			);
			path = "Preview Content";
			sourceTree = "<group>";
		};
		0E434E932857F1DE00CCB64D /* LayoutAndGeometryTests */ = {
			isa = PBXGroup;
			children = (
				0E434E942857F1DE00CCB64D /* LayoutAndGeometryTests.swift */,
			);
			path = LayoutAndGeometryTests;
			sourceTree = "<group>";
		};
		0E434E9D2857F1DE00CCB64D /* LayoutAndGeometryUITests */ = {
			isa = PBXGroup;
			children = (
				0E434E9E2857F1DE00CCB64D /* LayoutAndGeometryUITests.swift */,
				0E434EA02857F1DE00CCB64D /* LayoutAndGeometryUITestsLaunchTests.swift */,
			);
			path = LayoutAndGeometryUITests;
			sourceTree = "<group>";
		};
/* End PBXGroup section */

/* Begin PBXNativeTarget section */
		0E434E7F2857F1DD00CCB64D /* LayoutAndGeometry */ = {
			isa = PBXNativeTarget;
			buildConfigurationList = 0E434EA42857F1DE00CCB64D /* Build configuration list for PBXNativeTarget "LayoutAndGeometry" */;
			buildPhases = (
				0E434E7C2857F1DD00CCB64D /* Sources */,
				0E434E7D2857F1DD00CCB64D /* Frameworks */,
				0E434E7E2857F1DD00CCB64D /* Resources */,
			);
			buildRules = (
			);
			dependencies = (
			);
			name = LayoutAndGeometry;
			productName = LayoutAndGeometry;
			productReference = 0E434E802857F1DD00CCB64D /* LayoutAndGeometry.app */;
			productType = "com.apple.product-type.application";
		};
		0E434E8F2857F1DE00CCB64D /* LayoutAndGeometryTests */ = {
			isa = PBXNativeTarget;
			buildConfigurationList = 0E434EA72857F1DE00CCB64D /* Build configuration list for PBXNativeTarget "LayoutAndGeometryTests" */;
			buildPhases = (
				0E434E8C2857F1DE00CCB64D /* Sources */,
				0E434E8D2857F1DE00CCB64D /* Frameworks */,
				0E434E8E2857F1DE00CCB64D /* Resources */,
			);
			buildRules = (
			);
			dependencies = (
				0E434E922857F1DE00CCB64D /* PBXTargetDependency */,
			);
			name = LayoutAndGeometryTests;
			productName = LayoutAndGeometryTests;
			productReference = 0E434E902857F1DE00CCB64D /* LayoutAndGeometryTests.xctest */;
			productType = "com.apple.product-type.bundle.unit-test";
		};
		0E434E992857F1DE00CCB64D /* LayoutAndGeometryUITests */ = {
			isa = PBXNativeTarget;
			buildConfigurationList = 0E434EAA2857F1DE00CCB64D /* Build configuration list for PBXNativeTarget "LayoutAndGeometryUITests" */;
			buildPhases = (
				0E434E962857F1DE00CCB64D /* Sources */,
				0E434E972857F1DE00CCB64D /* Frameworks */,
				0E434E982857F1DE00CCB64D /* Resources */,
			);
			buildRules = (
			);
			dependencies = (
				0E434E9C2857F1DE00CCB64D /* PBXTargetDependency */,
			);
			name = LayoutAndGeometryUITests;
			productName = LayoutAndGeometryUITests;
			productReference = 0E434E9A2857F1DE00CCB64D /* LayoutAndGeometryUITests.xctest */;
			productType = "com.apple.product-type.bundle.ui-testing";
		};
/* End PBXNativeTarget section */

/* Begin PBXProject section */
		0E434E782857F1DD00CCB64D /* Project object */ = {
			isa = PBXProject;
			attributes = {
				BuildIndependentTargetsInParallel = 1;
				LastSwiftUpdateCheck = 1330;
				LastUpgradeCheck = 1330;
				TargetAttributes = {
					0E434E7F2857F1DD00CCB64D = {
						CreatedOnToolsVersion = 13.3;
					};
					0E434E8F2857F1DE00CCB64D = {
						CreatedOnToolsVersion = 13.3;
						TestTargetID = 0E434E7F2857F1DD00CCB64D;
					};
					0E434E992857F1DE00CCB64D = {
						CreatedOnToolsVersion = 13.3;
						TestTargetID = 0E434E7F2857F1DD00CCB64D;
					};
				};
			};
			buildConfigurationList = 0E434E7B2857F1DD00CCB64D /* Build configuration list for PBXProject "LayoutAndGeometry" */;
			compatibilityVersion = "Xcode 13.0";
			developmentRegion = en;
			hasScannedForEncodings = 0;
			knownRegions = (
				en,
				Base,
			);
			mainGroup = 0E434E772857F1DD00CCB64D;
			productRefGroup = 0E434E812857F1DD00CCB64D /* Products */;
			projectDirPath = "";
			projectRoot = "";
			targets = (
				0E434E7F2857F1DD00CCB64D /* LayoutAndGeometry */,
				0E434E8F2857F1DE00CCB64D /* LayoutAndGeometryTests */,
				0E434E992857F1DE00CCB64D /* LayoutAndGeometryUITests */,
			);
		};
/* End PBXProject section */

/* Begin PBXResourcesBuildPhase section */
		0E434E7E2857F1DD00CCB64D /* Resources */ = {
			isa = PBXResourcesBuildPhase;
			buildActionMask = 2147483647;
			files = (
				0E434E8B2857F1DE00CCB64D /* Preview Assets.xcassets in Resources */,
				0E434E882857F1DE00CCB64D /* Assets.xcassets in Resources */,
			);
			runOnlyForDeploymentPostprocessing = 0;
		};
		0E434E8E2857F1DE00CCB64D /* Resources */ = {
			isa = PBXResourcesBuildPhase;
			buildActionMask = 2147483647;
			files = (
			);
			runOnlyForDeploymentPostprocessing = 0;
		};
		0E434E982857F1DE00CCB64D /* Resources */ = {
			isa = PBXResourcesBuildPhase;
			buildActionMask = 2147483647;
			files = (
			);
			runOnlyForDeploymentPostprocessing = 0;
		};
/* End PBXResourcesBuildPhase section */

/* Begin PBXSourcesBuildPhase section */
		0E434E7C2857F1DD00CCB64D /* Sources */ = {
			isa = PBXSourcesBuildPhase;
			buildActionMask = 2147483647;
			files = (
				0E434E862857F1DD00CCB64D /* CustomAlignmentGuide.swift in Sources */,
				0E5FBA28285A300500BC8802 /* AbsolutePositioning.swift in Sources */,
				0E5FBA2E285A819900BC8802 /* ChallengeView.swift in Sources */,
				0E5FBA2A285A350700BC8802 /* GeometryReaderView.swift in Sources */,
				0E5FBA2C285A7AD100BC8802 /* ScrollEffectView.swift in Sources */,
				0E434E842857F1DD00CCB64D /* LayoutAndGeometryApp.swift in Sources */,
			);
			runOnlyForDeploymentPostprocessing = 0;
		};
		0E434E8C2857F1DE00CCB64D /* Sources */ = {
			isa = PBXSourcesBuildPhase;
			buildActionMask = 2147483647;
			files = (
				0E434E952857F1DE00CCB64D /* LayoutAndGeometryTests.swift in Sources */,
			);
			runOnlyForDeploymentPostprocessing = 0;
		};
		0E434E962857F1DE00CCB64D /* Sources */ = {
			isa = PBXSourcesBuildPhase;
			buildActionMask = 2147483647;
			files = (
				0E434EA12857F1DE00CCB64D /* LayoutAndGeometryUITestsLaunchTests.swift in Sources */,
				0E434E9F2857F1DE00CCB64D /* LayoutAndGeometryUITests.swift in Sources */,
			);
			runOnlyForDeploymentPostprocessing = 0;
		};
/* End PBXSourcesBuildPhase section */

/* Begin PBXTargetDependency section */
		0E434E922857F1DE00CCB64D /* PBXTargetDependency */ = {
			isa = PBXTargetDependency;
			target = 0E434E7F2857F1DD00CCB64D /* LayoutAndGeometry */;
			targetProxy = 0E434E912857F1DE00CCB64D /* PBXContainerItemProxy */;
		};
		0E434E9C2857F1DE00CCB64D /* PBXTargetDependency */ = {
			isa = PBXTargetDependency;
			target = 0E434E7F2857F1DD00CCB64D /* LayoutAndGeometry */;
			targetProxy = 0E434E9B2857F1DE00CCB64D /* PBXContainerItemProxy */;
		};
/* End PBXTargetDependency section */

/* Begin XCBuildConfiguration section */
		0E434EA22857F1DE00CCB64D /* Debug */ = {
			isa = XCBuildConfiguration;
			buildSettings = {
				ALWAYS_SEARCH_USER_PATHS = NO;
				CLANG_ANALYZER_NONNULL = YES;
				CLANG_ANALYZER_NUMBER_OBJECT_CONVERSION = YES_AGGRESSIVE;
				CLANG_CXX_LANGUAGE_STANDARD = "gnu++17";
				CLANG_ENABLE_MODULES = YES;
				CLANG_ENABLE_OBJC_ARC = YES;
				CLANG_ENABLE_OBJC_WEAK = YES;
				CLANG_WARN_BLOCK_CAPTURE_AUTORELEASING = YES;
				CLANG_WARN_BOOL_CONVERSION = YES;
				CLANG_WARN_COMMA = YES;
				CLANG_WARN_CONSTANT_CONVERSION = YES;
				CLANG_WARN_DEPRECATED_OBJC_IMPLEMENTATIONS = YES;
				CLANG_WARN_DIRECT_OBJC_ISA_USAGE = YES_ERROR;
				CLANG_WARN_DOCUMENTATION_COMMENTS = YES;
				CLANG_WARN_EMPTY_BODY = YES;
				CLANG_WARN_ENUM_CONVERSION = YES;
				CLANG_WARN_INFINITE_RECURSION = YES;
				CLANG_WARN_INT_CONVERSION = YES;
				CLANG_WARN_NON_LITERAL_NULL_CONVERSION = YES;
				CLANG_WARN_OBJC_IMPLICIT_RETAIN_SELF = YES;
				CLANG_WARN_OBJC_LITERAL_CONVERSION = YES;
				CLANG_WARN_OBJC_ROOT_CLASS = YES_ERROR;
				CLANG_WARN_QUOTED_INCLUDE_IN_FRAMEWORK_HEADER = YES;
				CLANG_WARN_RANGE_LOOP_ANALYSIS = YES;
				CLANG_WARN_STRICT_PROTOTYPES = YES;
				CLANG_WARN_SUSPICIOUS_MOVE = YES;
				CLANG_WARN_UNGUARDED_AVAILABILITY = YES_AGGRESSIVE;
				CLANG_WARN_UNREACHABLE_CODE = YES;
				CLANG_WARN__DUPLICATE_METHOD_MATCH = YES;
				COPY_PHASE_STRIP = NO;
				DEBUG_INFORMATION_FORMAT = dwarf;
				ENABLE_STRICT_OBJC_MSGSEND = YES;
				ENABLE_TESTABILITY = YES;
				GCC_C_LANGUAGE_STANDARD = gnu11;
				GCC_DYNAMIC_NO_PIC = NO;
				GCC_NO_COMMON_BLOCKS = YES;
				GCC_OPTIMIZATION_LEVEL = 0;
				GCC_PREPROCESSOR_DEFINITIONS = (
					"DEBUG=1",
					"$(inherited)",
				);
				GCC_WARN_64_TO_32_BIT_CONVERSION = YES;
				GCC_WARN_ABOUT_RETURN_TYPE = YES_ERROR;
				GCC_WARN_UNDECLARED_SELECTOR = YES;
				GCC_WARN_UNINITIALIZED_AUTOS = YES_AGGRESSIVE;
				GCC_WARN_UNUSED_FUNCTION = YES;
				GCC_WARN_UNUSED_VARIABLE = YES;
				IPHONEOS_DEPLOYMENT_TARGET = 15.4;
				MTL_ENABLE_DEBUG_INFO = INCLUDE_SOURCE;
				MTL_FAST_MATH = YES;
				ONLY_ACTIVE_ARCH = YES;
				SDKROOT = iphoneos;
				SWIFT_ACTIVE_COMPILATION_CONDITIONS = DEBUG;
				SWIFT_OPTIMIZATION_LEVEL = "-Onone";
			};
			name = Debug;
		};
		0E434EA32857F1DE00CCB64D /* Release */ = {
			isa = XCBuildConfiguration;
			buildSettings = {
				ALWAYS_SEARCH_USER_PATHS = NO;
				CLANG_ANALYZER_NONNULL = YES;
				CLANG_ANALYZER_NUMBER_OBJECT_CONVERSION = YES_AGGRESSIVE;
				CLANG_CXX_LANGUAGE_STANDARD = "gnu++17";
				CLANG_ENABLE_MODULES = YES;
				CLANG_ENABLE_OBJC_ARC = YES;
				CLANG_ENABLE_OBJC_WEAK = YES;
				CLANG_WARN_BLOCK_CAPTURE_AUTORELEASING = YES;
				CLANG_WARN_BOOL_CONVERSION = YES;
				CLANG_WARN_COMMA = YES;
				CLANG_WARN_CONSTANT_CONVERSION = YES;
				CLANG_WARN_DEPRECATED_OBJC_IMPLEMENTATIONS = YES;
				CLANG_WARN_DIRECT_OBJC_ISA_USAGE = YES_ERROR;
				CLANG_WARN_DOCUMENTATION_COMMENTS = YES;
				CLANG_WARN_EMPTY_BODY = YES;
				CLANG_WARN_ENUM_CONVERSION = YES;
				CLANG_WARN_INFINITE_RECURSION = YES;
				CLANG_WARN_INT_CONVERSION = YES;
				CLANG_WARN_NON_LITERAL_NULL_CONVERSION = YES;
				CLANG_WARN_OBJC_IMPLICIT_RETAIN_SELF = YES;
				CLANG_WARN_OBJC_LITERAL_CONVERSION = YES;
				CLANG_WARN_OBJC_ROOT_CLASS = YES_ERROR;
				CLANG_WARN_QUOTED_INCLUDE_IN_FRAMEWORK_HEADER = YES;
				CLANG_WARN_RANGE_LOOP_ANALYSIS = YES;
				CLANG_WARN_STRICT_PROTOTYPES = YES;
				CLANG_WARN_SUSPICIOUS_MOVE = YES;
				CLANG_WARN_UNGUARDED_AVAILABILITY = YES_AGGRESSIVE;
				CLANG_WARN_UNREACHABLE_CODE = YES;
				CLANG_WARN__DUPLICATE_METHOD_MATCH = YES;
				COPY_PHASE_STRIP = NO;
				DEBUG_INFORMATION_FORMAT = "dwarf-with-dsym";
				ENABLE_NS_ASSERTIONS = NO;
				ENABLE_STRICT_OBJC_MSGSEND = YES;
				GCC_C_LANGUAGE_STANDARD = gnu11;
				GCC_NO_COMMON_BLOCKS = YES;
				GCC_WARN_64_TO_32_BIT_CONVERSION = YES;
				GCC_WARN_ABOUT_RETURN_TYPE = YES_ERROR;
				GCC_WARN_UNDECLARED_SELECTOR = YES;
				GCC_WARN_UNINITIALIZED_AUTOS = YES_AGGRESSIVE;
				GCC_WARN_UNUSED_FUNCTION = YES;
				GCC_WARN_UNUSED_VARIABLE = YES;
				IPHONEOS_DEPLOYMENT_TARGET = 15.4;
				MTL_ENABLE_DEBUG_INFO = NO;
				MTL_FAST_MATH = YES;
				SDKROOT = iphoneos;
				SWIFT_COMPILATION_MODE = wholemodule;
				SWIFT_OPTIMIZATION_LEVEL = "-O";
				VALIDATE_PRODUCT = YES;
			};
			name = Release;
		};
		0E434EA52857F1DE00CCB64D /* Debug */ = {
			isa = XCBuildConfiguration;
			buildSettings = {
				ASSETCATALOG_COMPILER_APPICON_NAME = AppIcon;
				ASSETCATALOG_COMPILER_GLOBAL_ACCENT_COLOR_NAME = AccentColor;
				CODE_SIGN_STYLE = Automatic;
				CURRENT_PROJECT_VERSION = 1;
				DEVELOPMENT_ASSET_PATHS = "\"LayoutAndGeometry/Preview Content\"";
				DEVELOPMENT_TEAM = H54GKQTW33;
				ENABLE_PREVIEWS = YES;
				GENERATE_INFOPLIST_FILE = YES;
				INFOPLIST_KEY_UIApplicationSceneManifest_Generation = YES;
				INFOPLIST_KEY_UIApplicationSupportsIndirectInputEvents = YES;
				INFOPLIST_KEY_UILaunchScreen_Generation = YES;
				INFOPLIST_KEY_UISupportedInterfaceOrientations_iPad = "UIInterfaceOrientationPortrait UIInterfaceOrientationPortraitUpsideDown UIInterfaceOrientationLandscapeLeft UIInterfaceOrientationLandscapeRight";
				INFOPLIST_KEY_UISupportedInterfaceOrientations_iPhone = "UIInterfaceOrientationPortrait UIInterfaceOrientationLandscapeLeft UIInterfaceOrientationLandscapeRight";
				LD_RUNPATH_SEARCH_PATHS = (
					"$(inherited)",
					"@executable_path/Frameworks",
				);
				MARKETING_VERSION = 1.0;
				PRODUCT_BUNDLE_IDENTIFIER = me.williams.joe.LayoutAndGeometry;
				PRODUCT_NAME = "$(TARGET_NAME)";
				SWIFT_EMIT_LOC_STRINGS = YES;
				SWIFT_VERSION = 5.0;
				TARGETED_DEVICE_FAMILY = "1,2";
			};
			name = Debug;
		};
		0E434EA62857F1DE00CCB64D /* Release */ = {
			isa = XCBuildConfiguration;
			buildSettings = {
				ASSETCATALOG_COMPILER_APPICON_NAME = AppIcon;
				ASSETCATALOG_COMPILER_GLOBAL_ACCENT_COLOR_NAME = AccentColor;
				CODE_SIGN_STYLE = Automatic;
				CURRENT_PROJECT_VERSION = 1;
				DEVELOPMENT_ASSET_PATHS = "\"LayoutAndGeometry/Preview Content\"";
				DEVELOPMENT_TEAM = H54GKQTW33;
				ENABLE_PREVIEWS = YES;
				GENERATE_INFOPLIST_FILE = YES;
				INFOPLIST_KEY_UIApplicationSceneManifest_Generation = YES;
				INFOPLIST_KEY_UIApplicationSupportsIndirectInputEvents = YES;
				INFOPLIST_KEY_UILaunchScreen_Generation = YES;
				INFOPLIST_KEY_UISupportedInterfaceOrientations_iPad = "UIInterfaceOrientationPortrait UIInterfaceOrientationPortraitUpsideDown UIInterfaceOrientationLandscapeLeft UIInterfaceOrientationLandscapeRight";
				INFOPLIST_KEY_UISupportedInterfaceOrientations_iPhone = "UIInterfaceOrientationPortrait UIInterfaceOrientationLandscapeLeft UIInterfaceOrientationLandscapeRight";
				LD_RUNPATH_SEARCH_PATHS = (
					"$(inherited)",
					"@executable_path/Frameworks",
				);
				MARKETING_VERSION = 1.0;
				PRODUCT_BUNDLE_IDENTIFIER = me.williams.joe.LayoutAndGeometry;
				PRODUCT_NAME = "$(TARGET_NAME)";
				SWIFT_EMIT_LOC_STRINGS = YES;
				SWIFT_VERSION = 5.0;
				TARGETED_DEVICE_FAMILY = "1,2";
			};
			name = Release;
		};
		0E434EA82857F1DE00CCB64D /* Debug */ = {
			isa = XCBuildConfiguration;
			buildSettings = {
				ALWAYS_EMBED_SWIFT_STANDARD_LIBRARIES = YES;
				BUNDLE_LOADER = "$(TEST_HOST)";
				CODE_SIGN_STYLE = Automatic;
				CURRENT_PROJECT_VERSION = 1;
				DEVELOPMENT_TEAM = H54GKQTW33;
				GENERATE_INFOPLIST_FILE = YES;
				IPHONEOS_DEPLOYMENT_TARGET = 15.4;
				MARKETING_VERSION = 1.0;
				PRODUCT_BUNDLE_IDENTIFIER = me.williams.joe.LayoutAndGeometryTests;
				PRODUCT_NAME = "$(TARGET_NAME)";
				SWIFT_EMIT_LOC_STRINGS = NO;
				SWIFT_VERSION = 5.0;
				TARGETED_DEVICE_FAMILY = "1,2";
				TEST_HOST = "$(BUILT_PRODUCTS_DIR)/LayoutAndGeometry.app/LayoutAndGeometry";
			};
			name = Debug;
		};
		0E434EA92857F1DE00CCB64D /* Release */ = {
			isa = XCBuildConfiguration;
			buildSettings = {
				ALWAYS_EMBED_SWIFT_STANDARD_LIBRARIES = YES;
				BUNDLE_LOADER = "$(TEST_HOST)";
				CODE_SIGN_STYLE = Automatic;
				CURRENT_PROJECT_VERSION = 1;
				DEVELOPMENT_TEAM = H54GKQTW33;
				GENERATE_INFOPLIST_FILE = YES;
				IPHONEOS_DEPLOYMENT_TARGET = 15.4;
				MARKETING_VERSION = 1.0;
				PRODUCT_BUNDLE_IDENTIFIER = me.williams.joe.LayoutAndGeometryTests;
				PRODUCT_NAME = "$(TARGET_NAME)";
				SWIFT_EMIT_LOC_STRINGS = NO;
				SWIFT_VERSION = 5.0;
				TARGETED_DEVICE_FAMILY = "1,2";
				TEST_HOST = "$(BUILT_PRODUCTS_DIR)/LayoutAndGeometry.app/LayoutAndGeometry";
			};
			name = Release;
		};
		0E434EAB2857F1DE00CCB64D /* Debug */ = {
			isa = XCBuildConfiguration;
			buildSettings = {
				ALWAYS_EMBED_SWIFT_STANDARD_LIBRARIES = YES;
				CODE_SIGN_STYLE = Automatic;
				CURRENT_PROJECT_VERSION = 1;
				DEVELOPMENT_TEAM = H54GKQTW33;
				GENERATE_INFOPLIST_FILE = YES;
				MARKETING_VERSION = 1.0;
				PRODUCT_BUNDLE_IDENTIFIER = me.williams.joe.LayoutAndGeometryUITests;
				PRODUCT_NAME = "$(TARGET_NAME)";
				SWIFT_EMIT_LOC_STRINGS = NO;
				SWIFT_VERSION = 5.0;
				TARGETED_DEVICE_FAMILY = "1,2";
				TEST_TARGET_NAME = LayoutAndGeometry;
			};
			name = Debug;
		};
		0E434EAC2857F1DE00CCB64D /* Release */ = {
			isa = XCBuildConfiguration;
			buildSettings = {
				ALWAYS_EMBED_SWIFT_STANDARD_LIBRARIES = YES;
				CODE_SIGN_STYLE = Automatic;
				CURRENT_PROJECT_VERSION = 1;
				DEVELOPMENT_TEAM = H54GKQTW33;
				GENERATE_INFOPLIST_FILE = YES;
				MARKETING_VERSION = 1.0;
				PRODUCT_BUNDLE_IDENTIFIER = me.williams.joe.LayoutAndGeometryUITests;
				PRODUCT_NAME = "$(TARGET_NAME)";
				SWIFT_EMIT_LOC_STRINGS = NO;
				SWIFT_VERSION = 5.0;
				TARGETED_DEVICE_FAMILY = "1,2";
				TEST_TARGET_NAME = LayoutAndGeometry;
			};
			name = Release;
		};
/* End XCBuildConfiguration section */

/* Begin XCConfigurationList section */
		0E434E7B2857F1DD00CCB64D /* Build configuration list for PBXProject "LayoutAndGeometry" */ = {
			isa = XCConfigurationList;
			buildConfigurations = (
				0E434EA22857F1DE00CCB64D /* Debug */,
				0E434EA32857F1DE00CCB64D /* Release */,
			);
			defaultConfigurationIsVisible = 0;
			defaultConfigurationName = Release;
		};
		0E434EA42857F1DE00CCB64D /* Build configuration list for PBXNativeTarget "LayoutAndGeometry" */ = {
			isa = XCConfigurationList;
			buildConfigurations = (
				0E434EA52857F1DE00CCB64D /* Debug */,
				0E434EA62857F1DE00CCB64D /* Release */,
			);
			defaultConfigurationIsVisible = 0;
			defaultConfigurationName = Release;
		};
		0E434EA72857F1DE00CCB64D /* Build configuration list for PBXNativeTarget "LayoutAndGeometryTests" */ = {
			isa = XCConfigurationList;
			buildConfigurations = (
				0E434EA82857F1DE00CCB64D /* Debug */,
				0E434EA92857F1DE00CCB64D /* Release */,
			);
			defaultConfigurationIsVisible = 0;
			defaultConfigurationName = Release;
		};
		0E434EAA2857F1DE00CCB64D /* Build configuration list for PBXNativeTarget "LayoutAndGeometryUITests" */ = {
			isa = XCConfigurationList;
			buildConfigurations = (
				0E434EAB2857F1DE00CCB64D /* Debug */,
				0E434EAC2857F1DE00CCB64D /* Release */,
			);
			defaultConfigurationIsVisible = 0;
			defaultConfigurationName = Release;
		};
/* End XCConfigurationList section */
	};
	rootObject = 0E434E782857F1DD00CCB64D /* Project object */;
}
