// !$*UTF8*$!
{
	archiveVersion = 1;
	classes = {
	};
	objectVersion = 55;
	objects = {

/* Begin PBXBuildFile section */
		0EA001FC280B521A006C0653 /* CoreDataProjectApp.swift in Sources */ = {isa = PBXBuildFile; fileRef = 0EA001FB280B521A006C0653 /* CoreDataProjectApp.swift */; };
		0EA001FE280B521A006C0653 /* MergePolicyView.swift in Sources */ = {isa = PBXBuildFile; fileRef = 0EA001FD280B521A006C0653 /* MergePolicyView.swift */; };
		0EA00200280B521A006C0653 /* Assets.xcassets in Resources */ = {isa = PBXBuildFile; fileRef = 0EA001FF280B521A006C0653 /* Assets.xcassets */; };
		0EA00203280B521A006C0653 /* Preview Assets.xcassets in Resources */ = {isa = PBXBuildFile; fileRef = 0EA00202280B521A006C0653 /* Preview Assets.xcassets */; };
		0EA0020A280B522A006C0653 /* DataController.swift in Sources */ = {isa = PBXBuildFile; fileRef = 0EA00209280B522A006C0653 /* DataController.swift */; };
		0EA0020D280B62D9006C0653 /* CoreDataProject.xcdatamodeld in Sources */ = {isa = PBXBuildFile; fileRef = 0EA0020B280B62D9006C0653 /* CoreDataProject.xcdatamodeld */; };
		0EA00210280B80BA006C0653 /* Movie+CoreDataClass.swift in Sources */ = {isa = PBXBuildFile; fileRef = 0EA0020E280B80BA006C0653 /* Movie+CoreDataClass.swift */; };
		0EA00211280B80BA006C0653 /* Movie+CoreDataProperties.swift in Sources */ = {isa = PBXBuildFile; fileRef = 0EA0020F280B80BA006C0653 /* Movie+CoreDataProperties.swift */; };
		0EA00215280F6341006C0653 /* ShipView.swift in Sources */ = {isa = PBXBuildFile; fileRef = 0EA00214280F6341006C0653 /* ShipView.swift */; };
		0EA002182810C02D006C0653 /* Singer+CoreDataClass.swift in Sources */ = {isa = PBXBuildFile; fileRef = 0EA002162810C02D006C0653 /* Singer+CoreDataClass.swift */; };
		0EA002192810C02D006C0653 /* Singer+CoreDataProperties.swift in Sources */ = {isa = PBXBuildFile; fileRef = 0EA002172810C02D006C0653 /* Singer+CoreDataProperties.swift */; };
		0EA0021B2810C28C006C0653 /* FilterView.swift in Sources */ = {isa = PBXBuildFile; fileRef = 0EA0021A2810C28C006C0653 /* FilterView.swift */; };
		0EA0021D2810C389006C0653 /* FilteredList.swift in Sources */ = {isa = PBXBuildFile; fileRef = 0EA0021C2810C389006C0653 /* FilteredList.swift */; };
		0EA071612811E48C007939F7 /* Country+CoreDataClass.swift in Sources */ = {isa = PBXBuildFile; fileRef = 0EA0715D2811E48C007939F7 /* Country+CoreDataClass.swift */; };
		0EA071622811E48C007939F7 /* Country+CoreDataProperties.swift in Sources */ = {isa = PBXBuildFile; fileRef = 0EA0715E2811E48C007939F7 /* Country+CoreDataProperties.swift */; };
		0EA071632811E48C007939F7 /* Candy+CoreDataClass.swift in Sources */ = {isa = PBXBuildFile; fileRef = 0EA0715F2811E48C007939F7 /* Candy+CoreDataClass.swift */; };
		0EA071642811E48C007939F7 /* Candy+CoreDataProperties.swift in Sources */ = {isa = PBXBuildFile; fileRef = 0EA071602811E48C007939F7 /* Candy+CoreDataProperties.swift */; };
		0EA071662811E73E007939F7 /* CountryView.swift in Sources */ = {isa = PBXBuildFile; fileRef = 0EA071652811E73E007939F7 /* CountryView.swift */; };
/* End PBXBuildFile section */

/* Begin PBXFileReference section */
		0EA001F8280B521A006C0653 /* CoreDataProject.app */ = {isa = PBXFileReference; explicitFileType = wrapper.application; includeInIndex = 0; path = CoreDataProject.app; sourceTree = BUILT_PRODUCTS_DIR; };
		0EA001FB280B521A006C0653 /* CoreDataProjectApp.swift */ = {isa = PBXFileReference; lastKnownFileType = sourcecode.swift; path = CoreDataProjectApp.swift; sourceTree = "<group>"; };
		0EA001FD280B521A006C0653 /* MergePolicyView.swift */ = {isa = PBXFileReference; lastKnownFileType = sourcecode.swift; path = MergePolicyView.swift; sourceTree = "<group>"; };
		0EA001FF280B521A006C0653 /* Assets.xcassets */ = {isa = PBXFileReference; lastKnownFileType = folder.assetcatalog; path = Assets.xcassets; sourceTree = "<group>"; };
		0EA00202280B521A006C0653 /* Preview Assets.xcassets */ = {isa = PBXFileReference; lastKnownFileType = folder.assetcatalog; path = "Preview Assets.xcassets"; sourceTree = "<group>"; };
		0EA00209280B522A006C0653 /* DataController.swift */ = {isa = PBXFileReference; lastKnownFileType = sourcecode.swift; path = DataController.swift; sourceTree = "<group>"; };
		0EA0020C280B62D9006C0653 /* CoreDataProject.xcdatamodel */ = {isa = PBXFileReference; lastKnownFileType = wrapper.xcdatamodel; path = CoreDataProject.xcdatamodel; sourceTree = "<group>"; };
		0EA0020E280B80BA006C0653 /* Movie+CoreDataClass.swift */ = {isa = PBXFileReference; lastKnownFileType = sourcecode.swift; path = "Movie+CoreDataClass.swift"; sourceTree = "<group>"; };
		0EA0020F280B80BA006C0653 /* Movie+CoreDataProperties.swift */ = {isa = PBXFileReference; lastKnownFileType = sourcecode.swift; path = "Movie+CoreDataProperties.swift"; sourceTree = "<group>"; };
		0EA00214280F6341006C0653 /* ShipView.swift */ = {isa = PBXFileReference; lastKnownFileType = sourcecode.swift; path = ShipView.swift; sourceTree = "<group>"; };
		0EA002162810C02D006C0653 /* Singer+CoreDataClass.swift */ = {isa = PBXFileReference; lastKnownFileType = sourcecode.swift; path = "Singer+CoreDataClass.swift"; sourceTree = "<group>"; };
		0EA002172810C02D006C0653 /* Singer+CoreDataProperties.swift */ = {isa = PBXFileReference; lastKnownFileType = sourcecode.swift; path = "Singer+CoreDataProperties.swift"; sourceTree = "<group>"; };
		0EA0021A2810C28C006C0653 /* FilterView.swift */ = {isa = PBXFileReference; lastKnownFileType = sourcecode.swift; path = FilterView.swift; sourceTree = "<group>"; };
		0EA0021C2810C389006C0653 /* FilteredList.swift */ = {isa = PBXFileReference; lastKnownFileType = sourcecode.swift; path = FilteredList.swift; sourceTree = "<group>"; };
		0EA0715D2811E48C007939F7 /* Country+CoreDataClass.swift */ = {isa = PBXFileReference; lastKnownFileType = sourcecode.swift; path = "Country+CoreDataClass.swift"; sourceTree = "<group>"; };
		0EA0715E2811E48C007939F7 /* Country+CoreDataProperties.swift */ = {isa = PBXFileReference; lastKnownFileType = sourcecode.swift; path = "Country+CoreDataProperties.swift"; sourceTree = "<group>"; };
		0EA0715F2811E48C007939F7 /* Candy+CoreDataClass.swift */ = {isa = PBXFileReference; lastKnownFileType = sourcecode.swift; path = "Candy+CoreDataClass.swift"; sourceTree = "<group>"; };
		0EA071602811E48C007939F7 /* Candy+CoreDataProperties.swift */ = {isa = PBXFileReference; lastKnownFileType = sourcecode.swift; path = "Candy+CoreDataProperties.swift"; sourceTree = "<group>"; };
		0EA071652811E73E007939F7 /* CountryView.swift */ = {isa = PBXFileReference; lastKnownFileType = sourcecode.swift; path = CountryView.swift; sourceTree = "<group>"; };
/* End PBXFileReference section */

/* Begin PBXFrameworksBuildPhase section */
		0EA001F5280B521A006C0653 /* Frameworks */ = {
			isa = PBXFrameworksBuildPhase;
			buildActionMask = 2147483647;
			files = (
			);
			runOnlyForDeploymentPostprocessing = 0;
		};
/* End PBXFrameworksBuildPhase section */

/* Begin PBXGroup section */
		0EA001EF280B521A006C0653 = {
			isa = PBXGroup;
			children = (
				0EA001FA280B521A006C0653 /* CoreDataProject */,
				0EA001F9280B521A006C0653 /* Products */,
			);
			sourceTree = "<group>";
		};
		0EA001F9280B521A006C0653 /* Products */ = {
			isa = PBXGroup;
			children = (
				0EA001F8280B521A006C0653 /* CoreDataProject.app */,
			);
			name = Products;
			sourceTree = "<group>";
		};
		0EA001FA280B521A006C0653 /* CoreDataProject */ = {
			isa = PBXGroup;
			children = (
				0EA0715F2811E48C007939F7 /* Candy+CoreDataClass.swift */,
				0EA071602811E48C007939F7 /* Candy+CoreDataProperties.swift */,
				0EA00214280F6341006C0653 /* ShipView.swift */,
				0EA071652811E73E007939F7 /* CountryView.swift */,
				0EA001FB280B521A006C0653 /* CoreDataProjectApp.swift */,
				0EA0715D2811E48C007939F7 /* Country+CoreDataClass.swift */,
				0EA0715E2811E48C007939F7 /* Country+CoreDataProperties.swift */,
				0EA00209280B522A006C0653 /* DataController.swift */,
				0EA0021C2810C389006C0653 /* FilteredList.swift */,
				0EA0021A2810C28C006C0653 /* FilterView.swift */,
				0EA001FD280B521A006C0653 /* MergePolicyView.swift */,
				0EA0020E280B80BA006C0653 /* Movie+CoreDataClass.swift */,
				0EA0020F280B80BA006C0653 /* Movie+CoreDataProperties.swift */,
				0EA002162810C02D006C0653 /* Singer+CoreDataClass.swift */,
				0EA002172810C02D006C0653 /* Singer+CoreDataProperties.swift */,
				0EA001FF280B521A006C0653 /* Assets.xcassets */,
				0EA0020B280B62D9006C0653 /* CoreDataProject.xcdatamodeld */,
				0EA00201280B521A006C0653 /* Preview Content */,
			);
			path = CoreDataProject;
			sourceTree = "<group>";
		};
		0EA00201280B521A006C0653 /* Preview Content */ = {
			isa = PBXGroup;
			children = (
				0EA00202280B521A006C0653 /* Preview Assets.xcassets */,
			);
			path = "Preview Content";
			sourceTree = "<group>";
		};
/* End PBXGroup section */

/* Begin PBXNativeTarget section */
		0EA001F7280B521A006C0653 /* CoreDataProject */ = {
			isa = PBXNativeTarget;
			buildConfigurationList = 0EA00206280B521A006C0653 /* Build configuration list for PBXNativeTarget "CoreDataProject" */;
			buildPhases = (
				0EA001F4280B521A006C0653 /* Sources */,
				0EA001F5280B521A006C0653 /* Frameworks */,
				0EA001F6280B521A006C0653 /* Resources */,
			);
			buildRules = (
			);
			dependencies = (
			);
			name = CoreDataProject;
			productName = CoreDataProject;
			productReference = 0EA001F8280B521A006C0653 /* CoreDataProject.app */;
			productType = "com.apple.product-type.application";
		};
/* End PBXNativeTarget section */

/* Begin PBXProject section */
		0EA001F0280B521A006C0653 /* Project object */ = {
			isa = PBXProject;
			attributes = {
				BuildIndependentTargetsInParallel = 1;
				LastSwiftUpdateCheck = 1330;
				LastUpgradeCheck = 1330;
				TargetAttributes = {
					0EA001F7280B521A006C0653 = {
						CreatedOnToolsVersion = 13.3;
					};
				};
			};
			buildConfigurationList = 0EA001F3280B521A006C0653 /* Build configuration list for PBXProject "CoreDataProject" */;
			compatibilityVersion = "Xcode 13.0";
			developmentRegion = en;
			hasScannedForEncodings = 0;
			knownRegions = (
				en,
				Base,
			);
			mainGroup = 0EA001EF280B521A006C0653;
			productRefGroup = 0EA001F9280B521A006C0653 /* Products */;
			projectDirPath = "";
			projectRoot = "";
			targets = (
				0EA001F7280B521A006C0653 /* CoreDataProject */,
			);
		};
/* End PBXProject section */

/* Begin PBXResourcesBuildPhase section */
		0EA001F6280B521A006C0653 /* Resources */ = {
			isa = PBXResourcesBuildPhase;
			buildActionMask = 2147483647;
			files = (
				0EA00203280B521A006C0653 /* Preview Assets.xcassets in Resources */,
				0EA00200280B521A006C0653 /* Assets.xcassets in Resources */,
			);
			runOnlyForDeploymentPostprocessing = 0;
		};
/* End PBXResourcesBuildPhase section */

/* Begin PBXSourcesBuildPhase section */
		0EA001F4280B521A006C0653 /* Sources */ = {
			isa = PBXSourcesBuildPhase;
			buildActionMask = 2147483647;
			files = (
				0EA001FE280B521A006C0653 /* MergePolicyView.swift in Sources */,
				0EA002192810C02D006C0653 /* Singer+CoreDataProperties.swift in Sources */,
				0EA071622811E48C007939F7 /* Country+CoreDataProperties.swift in Sources */,
				0EA071612811E48C007939F7 /* Country+CoreDataClass.swift in Sources */,
				0EA002182810C02D006C0653 /* Singer+CoreDataClass.swift in Sources */,
				0EA0020A280B522A006C0653 /* DataController.swift in Sources */,
				0EA071642811E48C007939F7 /* Candy+CoreDataProperties.swift in Sources */,
				0EA00215280F6341006C0653 /* ShipView.swift in Sources */,
				0EA0020D280B62D9006C0653 /* CoreDataProject.xcdatamodeld in Sources */,
				0EA0021D2810C389006C0653 /* FilteredList.swift in Sources */,
				0EA00210280B80BA006C0653 /* Movie+CoreDataClass.swift in Sources */,
				0EA071662811E73E007939F7 /* CountryView.swift in Sources */,
				0EA00211280B80BA006C0653 /* Movie+CoreDataProperties.swift in Sources */,
				0EA0021B2810C28C006C0653 /* FilterView.swift in Sources */,
				0EA001FC280B521A006C0653 /* CoreDataProjectApp.swift in Sources */,
				0EA071632811E48C007939F7 /* Candy+CoreDataClass.swift in Sources */,
			);
			runOnlyForDeploymentPostprocessing = 0;
		};
/* End PBXSourcesBuildPhase section */

/* Begin XCBuildConfiguration section */
		0EA00204280B521A006C0653 /* Debug */ = {
			isa = XCBuildConfiguration;
			buildSettings = {
				ALWAYS_SEARCH_USER_PATHS = NO;
				CLANG_ANALYZER_NONNULL = YES;
				CLANG_ANALYZER_NUMBER_OBJECT_CONVERSION = YES_AGGRESSIVE;
				CLANG_CXX_LANGUAGE_STANDARD = "gnu++17";
				CLANG_ENABLE_MODULES = YES;
				CLANG_ENABLE_OBJC_ARC = YES;
				CLANG_ENABLE_OBJC_WEAK = YES;
				CLANG_WARN_BLOCK_CAPTURE_AUTORELEASING = YES;
				CLANG_WARN_BOOL_CONVERSION = YES;
				CLANG_WARN_COMMA = YES;
				CLANG_WARN_CONSTANT_CONVERSION = YES;
				CLANG_WARN_DEPRECATED_OBJC_IMPLEMENTATIONS = YES;
				CLANG_WARN_DIRECT_OBJC_ISA_USAGE = YES_ERROR;
				CLANG_WARN_DOCUMENTATION_COMMENTS = YES;
				CLANG_WARN_EMPTY_BODY = YES;
				CLANG_WARN_ENUM_CONVERSION = YES;
				CLANG_WARN_INFINITE_RECURSION = YES;
				CLANG_WARN_INT_CONVERSION = YES;
				CLANG_WARN_NON_LITERAL_NULL_CONVERSION = YES;
				CLANG_WARN_OBJC_IMPLICIT_RETAIN_SELF = YES;
				CLANG_WARN_OBJC_LITERAL_CONVERSION = YES;
				CLANG_WARN_OBJC_ROOT_CLASS = YES_ERROR;
				CLANG_WARN_QUOTED_INCLUDE_IN_FRAMEWORK_HEADER = YES;
				CLANG_WARN_RANGE_LOOP_ANALYSIS = YES;
				CLANG_WARN_STRICT_PROTOTYPES = YES;
				CLANG_WARN_SUSPICIOUS_MOVE = YES;
				CLANG_WARN_UNGUARDED_AVAILABILITY = YES_AGGRESSIVE;
				CLANG_WARN_UNREACHABLE_CODE = YES;
				CLANG_WARN__DUPLICATE_METHOD_MATCH = YES;
				COPY_PHASE_STRIP = NO;
				DEBUG_INFORMATION_FORMAT = dwarf;
				ENABLE_STRICT_OBJC_MSGSEND = YES;
				ENABLE_TESTABILITY = YES;
				GCC_C_LANGUAGE_STANDARD = gnu11;
				GCC_DYNAMIC_NO_PIC = NO;
				GCC_NO_COMMON_BLOCKS = YES;
				GCC_OPTIMIZATION_LEVEL = 0;
				GCC_PREPROCESSOR_DEFINITIONS = (
					"DEBUG=1",
					"$(inherited)",
				);
				GCC_WARN_64_TO_32_BIT_CONVERSION = YES;
				GCC_WARN_ABOUT_RETURN_TYPE = YES_ERROR;
				GCC_WARN_UNDECLARED_SELECTOR = YES;
				GCC_WARN_UNINITIALIZED_AUTOS = YES_AGGRESSIVE;
				GCC_WARN_UNUSED_FUNCTION = YES;
				GCC_WARN_UNUSED_VARIABLE = YES;
				IPHONEOS_DEPLOYMENT_TARGET = 15.4;
				MTL_ENABLE_DEBUG_INFO = INCLUDE_SOURCE;
				MTL_FAST_MATH = YES;
				ONLY_ACTIVE_ARCH = YES;
				SDKROOT = iphoneos;
				SWIFT_ACTIVE_COMPILATION_CONDITIONS = DEBUG;
				SWIFT_OPTIMIZATION_LEVEL = "-Onone";
			};
			name = Debug;
		};
		0EA00205280B521A006C0653 /* Release */ = {
			isa = XCBuildConfiguration;
			buildSettings = {
				ALWAYS_SEARCH_USER_PATHS = NO;
				CLANG_ANALYZER_NONNULL = YES;
				CLANG_ANALYZER_NUMBER_OBJECT_CONVERSION = YES_AGGRESSIVE;
				CLANG_CXX_LANGUAGE_STANDARD = "gnu++17";
				CLANG_ENABLE_MODULES = YES;
				CLANG_ENABLE_OBJC_ARC = YES;
				CLANG_ENABLE_OBJC_WEAK = YES;
				CLANG_WARN_BLOCK_CAPTURE_AUTORELEASING = YES;
				CLANG_WARN_BOOL_CONVERSION = YES;
				CLANG_WARN_COMMA = YES;
				CLANG_WARN_CONSTANT_CONVERSION = YES;
				CLANG_WARN_DEPRECATED_OBJC_IMPLEMENTATIONS = YES;
				CLANG_WARN_DIRECT_OBJC_ISA_USAGE = YES_ERROR;
				CLANG_WARN_DOCUMENTATION_COMMENTS = YES;
				CLANG_WARN_EMPTY_BODY = YES;
				CLANG_WARN_ENUM_CONVERSION = YES;
				CLANG_WARN_INFINITE_RECURSION = YES;
				CLANG_WARN_INT_CONVERSION = YES;
				CLANG_WARN_NON_LITERAL_NULL_CONVERSION = YES;
				CLANG_WARN_OBJC_IMPLICIT_RETAIN_SELF = YES;
				CLANG_WARN_OBJC_LITERAL_CONVERSION = YES;
				CLANG_WARN_OBJC_ROOT_CLASS = YES_ERROR;
				CLANG_WARN_QUOTED_INCLUDE_IN_FRAMEWORK_HEADER = YES;
				CLANG_WARN_RANGE_LOOP_ANALYSIS = YES;
				CLANG_WARN_STRICT_PROTOTYPES = YES;
				CLANG_WARN_SUSPICIOUS_MOVE = YES;
				CLANG_WARN_UNGUARDED_AVAILABILITY = YES_AGGRESSIVE;
				CLANG_WARN_UNREACHABLE_CODE = YES;
				CLANG_WARN__DUPLICATE_METHOD_MATCH = YES;
				COPY_PHASE_STRIP = NO;
				DEBUG_INFORMATION_FORMAT = "dwarf-with-dsym";
				ENABLE_NS_ASSERTIONS = NO;
				ENABLE_STRICT_OBJC_MSGSEND = YES;
				GCC_C_LANGUAGE_STANDARD = gnu11;
				GCC_NO_COMMON_BLOCKS = YES;
				GCC_WARN_64_TO_32_BIT_CONVERSION = YES;
				GCC_WARN_ABOUT_RETURN_TYPE = YES_ERROR;
				GCC_WARN_UNDECLARED_SELECTOR = YES;
				GCC_WARN_UNINITIALIZED_AUTOS = YES_AGGRESSIVE;
				GCC_WARN_UNUSED_FUNCTION = YES;
				GCC_WARN_UNUSED_VARIABLE = YES;
				IPHONEOS_DEPLOYMENT_TARGET = 15.4;
				MTL_ENABLE_DEBUG_INFO = NO;
				MTL_FAST_MATH = YES;
				SDKROOT = iphoneos;
				SWIFT_COMPILATION_MODE = wholemodule;
				SWIFT_OPTIMIZATION_LEVEL = "-O";
				VALIDATE_PRODUCT = YES;
			};
			name = Release;
		};
		0EA00207280B521A006C0653 /* Debug */ = {
			isa = XCBuildConfiguration;
			buildSettings = {
				ASSETCATALOG_COMPILER_APPICON_NAME = AppIcon;
				ASSETCATALOG_COMPILER_GLOBAL_ACCENT_COLOR_NAME = AccentColor;
				CODE_SIGN_STYLE = Automatic;
				CURRENT_PROJECT_VERSION = 1;
				DEVELOPMENT_ASSET_PATHS = "\"CoreDataProject/Preview Content\"";
				DEVELOPMENT_TEAM = H54GKQTW33;
				ENABLE_PREVIEWS = YES;
				GENERATE_INFOPLIST_FILE = YES;
				INFOPLIST_KEY_UIApplicationSceneManifest_Generation = YES;
				INFOPLIST_KEY_UIApplicationSupportsIndirectInputEvents = YES;
				INFOPLIST_KEY_UILaunchScreen_Generation = YES;
				INFOPLIST_KEY_UISupportedInterfaceOrientations_iPad = "UIInterfaceOrientationPortrait UIInterfaceOrientationPortraitUpsideDown UIInterfaceOrientationLandscapeLeft UIInterfaceOrientationLandscapeRight";
				INFOPLIST_KEY_UISupportedInterfaceOrientations_iPhone = "UIInterfaceOrientationPortrait UIInterfaceOrientationLandscapeLeft UIInterfaceOrientationLandscapeRight";
				LD_RUNPATH_SEARCH_PATHS = (
					"$(inherited)",
					"@executable_path/Frameworks",
				);
				MARKETING_VERSION = 1.0;
				PRODUCT_BUNDLE_IDENTIFIER = me.williams.joe.CoreDataProject;
				PRODUCT_NAME = "$(TARGET_NAME)";
				SWIFT_EMIT_LOC_STRINGS = YES;
				SWIFT_VERSION = 5.0;
				TARGETED_DEVICE_FAMILY = "1,2";
			};
			name = Debug;
		};
		0EA00208280B521A006C0653 /* Release */ = {
			isa = XCBuildConfiguration;
			buildSettings = {
				ASSETCATALOG_COMPILER_APPICON_NAME = AppIcon;
				ASSETCATALOG_COMPILER_GLOBAL_ACCENT_COLOR_NAME = AccentColor;
				CODE_SIGN_STYLE = Automatic;
				CURRENT_PROJECT_VERSION = 1;
				DEVELOPMENT_ASSET_PATHS = "\"CoreDataProject/Preview Content\"";
				DEVELOPMENT_TEAM = H54GKQTW33;
				ENABLE_PREVIEWS = YES;
				GENERATE_INFOPLIST_FILE = YES;
				INFOPLIST_KEY_UIApplicationSceneManifest_Generation = YES;
				INFOPLIST_KEY_UIApplicationSupportsIndirectInputEvents = YES;
				INFOPLIST_KEY_UILaunchScreen_Generation = YES;
				INFOPLIST_KEY_UISupportedInterfaceOrientations_iPad = "UIInterfaceOrientationPortrait UIInterfaceOrientationPortraitUpsideDown UIInterfaceOrientationLandscapeLeft UIInterfaceOrientationLandscapeRight";
				INFOPLIST_KEY_UISupportedInterfaceOrientations_iPhone = "UIInterfaceOrientationPortrait UIInterfaceOrientationLandscapeLeft UIInterfaceOrientationLandscapeRight";
				LD_RUNPATH_SEARCH_PATHS = (
					"$(inherited)",
					"@executable_path/Frameworks",
				);
				MARKETING_VERSION = 1.0;
				PRODUCT_BUNDLE_IDENTIFIER = me.williams.joe.CoreDataProject;
				PRODUCT_NAME = "$(TARGET_NAME)";
				SWIFT_EMIT_LOC_STRINGS = YES;
				SWIFT_VERSION = 5.0;
				TARGETED_DEVICE_FAMILY = "1,2";
			};
			name = Release;
		};
/* End XCBuildConfiguration section */

/* Begin XCConfigurationList section */
		0EA001F3280B521A006C0653 /* Build configuration list for PBXProject "CoreDataProject" */ = {
			isa = XCConfigurationList;
			buildConfigurations = (
				0EA00204280B521A006C0653 /* Debug */,
				0EA00205280B521A006C0653 /* Release */,
			);
			defaultConfigurationIsVisible = 0;
			defaultConfigurationName = Release;
		};
		0EA00206280B521A006C0653 /* Build configuration list for PBXNativeTarget "CoreDataProject" */ = {
			isa = XCConfigurationList;
			buildConfigurations = (
				0EA00207280B521A006C0653 /* Debug */,
				0EA00208280B521A006C0653 /* Release */,
			);
			defaultConfigurationIsVisible = 0;
			defaultConfigurationName = Release;
		};
/* End XCConfigurationList section */

/* Begin XCVersionGroup section */
		0EA0020B280B62D9006C0653 /* CoreDataProject.xcdatamodeld */ = {
			isa = XCVersionGroup;
			children = (
				0EA0020C280B62D9006C0653 /* CoreDataProject.xcdatamodel */,
			);
			currentVersion = 0EA0020C280B62D9006C0653 /* CoreDataProject.xcdatamodel */;
			path = CoreDataProject.xcdatamodeld;
			sourceTree = "<group>";
			versionGroupType = wrapper.xcdatamodel;
		};
/* End XCVersionGroup section */
	};
	rootObject = 0EA001F0280B521A006C0653 /* Project object */;
}
